// !$*UTF8*$!
{
	archiveVersion = 1;
	classes = {
	};
	objectVersion = 46;
	objects = {

/* Begin PBXBuildFile section */
		1D3623260D0F684500981E51 /* Health_HackerAppDelegate.m in Sources */ = {isa = PBXBuildFile; fileRef = 1D3623250D0F684500981E51 /* Health_HackerAppDelegate.m */; };
		1D60589B0D05DD56006BFB54 /* main.m in Sources */ = {isa = PBXBuildFile; fileRef = 29B97316FDCFA39411CA2CEA /* main.m */; };
		1D60589F0D05DD5A006BFB54 /* Foundation.framework in Frameworks */ = {isa = PBXBuildFile; fileRef = 1D30AB110D05D00D00671497 /* Foundation.framework */; };
		1DF5F4E00D08C38300B7A737 /* UIKit.framework in Frameworks */ = {isa = PBXBuildFile; fileRef = 1DF5F4DF0D08C38300B7A737 /* UIKit.framework */; };
		28860BE50F44EE6400985440 /* CoreData.framework in Frameworks */ = {isa = PBXBuildFile; fileRef = 28860BE40F44EE6400985440 /* CoreData.framework */; };
		2892E4100DC94CBA00A64D0F /* CoreGraphics.framework in Frameworks */ = {isa = PBXBuildFile; fileRef = 2892E40F0DC94CBA00A64D0F /* CoreGraphics.framework */; };
		28AD73600D9D9599002E5188 /* MainWindow.xib in Resources */ = {isa = PBXBuildFile; fileRef = 28AD735F0D9D9599002E5188 /* MainWindow.xib */; };
		28C286E10D94DF7D0034E888 /* MedicationViewController.m in Sources */ = {isa = PBXBuildFile; fileRef = 28C286E00D94DF7D0034E888 /* MedicationViewController.m */; };
		28D3F202112F7DC200FD0661 /* Health_Hacker.xcdatamodeld in Sources */ = {isa = PBXBuildFile; fileRef = 28D3F201112F7DC200FD0661 /* Health_Hacker.xcdatamodeld */; };
		6603A78B12D0754F0028FF85 /* UserInfo.m in Sources */ = {isa = PBXBuildFile; fileRef = 6603A78A12D0754F0028FF85 /* UserInfo.m */; };
		66203AB012D1DEA0007DF1BE /* UIPullToReloadHeaderView.m in Sources */ = {isa = PBXBuildFile; fileRef = 66203AAD12D1DEA0007DF1BE /* UIPullToReloadHeaderView.m */; };
		66203AB112D1DEA0007DF1BE /* UIPullToReloadTableViewController.m in Sources */ = {isa = PBXBuildFile; fileRef = 66203AAF12D1DEA0007DF1BE /* UIPullToReloadTableViewController.m */; };
		66203ACE12D1DF33007DF1BE /* AudioToolbox.framework in Frameworks */ = {isa = PBXBuildFile; fileRef = 66203ACD12D1DF33007DF1BE /* AudioToolbox.framework */; };
		66203AE912D1E0B6007DF1BE /* PullToReload.bundle in Resources */ = {isa = PBXBuildFile; fileRef = 66203AE812D1E0B6007DF1BE /* PullToReload.bundle */; };
		66203B1A12D1E8A7007DF1BE /* 94-pill.png in Resources */ = {isa = PBXBuildFile; fileRef = 66203B1912D1E8A7007DF1BE /* 94-pill.png */; };
		66203B1D12D1E93C007DF1BE /* 79-medical-bag.png in Resources */ = {isa = PBXBuildFile; fileRef = 66203B1B12D1E93C007DF1BE /* 79-medical-bag.png */; };
		66203B1E12D1E93C007DF1BE /* 125-food.png in Resources */ = {isa = PBXBuildFile; fileRef = 66203B1C12D1E93C007DF1BE /* 125-food.png */; };
		66203B3312D1EB0C007DF1BE /* GDataEntryHealthProfile.m in Sources */ = {isa = PBXBuildFile; fileRef = 66203B2312D1EB0C007DF1BE /* GDataEntryHealthProfile.m */; };
		66203B3412D1EB0C007DF1BE /* GDataEntryHealthRegister.m in Sources */ = {isa = PBXBuildFile; fileRef = 66203B2512D1EB0C007DF1BE /* GDataEntryHealthRegister.m */; };
		66203B3512D1EB0C007DF1BE /* GDataFeedHealthProfile.m in Sources */ = {isa = PBXBuildFile; fileRef = 66203B2712D1EB0C007DF1BE /* GDataFeedHealthProfile.m */; };
		66203B3612D1EB0C007DF1BE /* GDataFeedHealthRegister.m in Sources */ = {isa = PBXBuildFile; fileRef = 66203B2912D1EB0C007DF1BE /* GDataFeedHealthRegister.m */; };
		66203B3712D1EB0C007DF1BE /* GDataHealthConstants.m in Sources */ = {isa = PBXBuildFile; fileRef = 66203B2C12D1EB0C007DF1BE /* GDataHealthConstants.m */; };
		66203B3812D1EB0C007DF1BE /* GDataHealthElements.m in Sources */ = {isa = PBXBuildFile; fileRef = 66203B2E12D1EB0C007DF1BE /* GDataHealthElements.m */; };
		66203B3912D1EB0C007DF1BE /* GDataQueryGoogleHealth.m in Sources */ = {isa = PBXBuildFile; fileRef = 66203B3012D1EB0C007DF1BE /* GDataQueryGoogleHealth.m */; };
		66203B3A12D1EB0C007DF1BE /* GDataServiceGoogleHealth.m in Sources */ = {isa = PBXBuildFile; fileRef = 66203B3212D1EB0C007DF1BE /* GDataServiceGoogleHealth.m */; };
		66203C0612D1ECFA007DF1BE /* GDataEntryBase.m in Sources */ = {isa = PBXBuildFile; fileRef = 66203B9812D1ECFA007DF1BE /* GDataEntryBase.m */; };
		66203C0712D1ECFA007DF1BE /* GDataFeedBase.m in Sources */ = {isa = PBXBuildFile; fileRef = 66203B9A12D1ECFA007DF1BE /* GDataFeedBase.m */; };
		66203C0812D1ECFA007DF1BE /* GDataObject.m in Sources */ = {isa = PBXBuildFile; fileRef = 66203B9C12D1ECFA007DF1BE /* GDataObject.m */; };
		66203C0912D1ECFA007DF1BE /* GDataQuery.m in Sources */ = {isa = PBXBuildFile; fileRef = 66203B9E12D1ECFA007DF1BE /* GDataQuery.m */; };
		66203C0A12D1ECFA007DF1BE /* GDataServiceBase.m in Sources */ = {isa = PBXBuildFile; fileRef = 66203BA012D1ECFA007DF1BE /* GDataServiceBase.m */; };
		66203C0B12D1ECFA007DF1BE /* GDataServiceGoogle.m in Sources */ = {isa = PBXBuildFile; fileRef = 66203BA212D1ECFA007DF1BE /* GDataServiceGoogle.m */; };
		66203C0C12D1ECFA007DF1BE /* GDataAtomPubControl.m in Sources */ = {isa = PBXBuildFile; fileRef = 66203BA512D1ECFA007DF1BE /* GDataAtomPubControl.m */; };
		66203C0D12D1ECFA007DF1BE /* GDataBaseElements.m in Sources */ = {isa = PBXBuildFile; fileRef = 66203BA712D1ECFA007DF1BE /* GDataBaseElements.m */; };
		66203C0E12D1ECFA007DF1BE /* GDataBatchID.m in Sources */ = {isa = PBXBuildFile; fileRef = 66203BA912D1ECFA007DF1BE /* GDataBatchID.m */; };
		66203C0F12D1ECFA007DF1BE /* GDataBatchInterrupted.m in Sources */ = {isa = PBXBuildFile; fileRef = 66203BAB12D1ECFA007DF1BE /* GDataBatchInterrupted.m */; };
		66203C1012D1ECFA007DF1BE /* GDataBatchOperation.m in Sources */ = {isa = PBXBuildFile; fileRef = 66203BAD12D1ECFA007DF1BE /* GDataBatchOperation.m */; };
		66203C1112D1ECFA007DF1BE /* GDataBatchStatus.m in Sources */ = {isa = PBXBuildFile; fileRef = 66203BAF12D1ECFA007DF1BE /* GDataBatchStatus.m */; };
		66203C1212D1ECFA007DF1BE /* GDataCategory.m in Sources */ = {isa = PBXBuildFile; fileRef = 66203BB112D1ECFA007DF1BE /* GDataCategory.m */; };
		66203C1312D1ECFA007DF1BE /* GDataComment.m in Sources */ = {isa = PBXBuildFile; fileRef = 66203BB312D1ECFA007DF1BE /* GDataComment.m */; };
		66203C1412D1ECFA007DF1BE /* GDataCustomProperty.m in Sources */ = {isa = PBXBuildFile; fileRef = 66203BB512D1ECFA007DF1BE /* GDataCustomProperty.m */; };
		66203C1512D1ECFA007DF1BE /* GDataDateTime.m in Sources */ = {isa = PBXBuildFile; fileRef = 66203BB712D1ECFA007DF1BE /* GDataDateTime.m */; };
		66203C1612D1ECFA007DF1BE /* GDataDeleted.m in Sources */ = {isa = PBXBuildFile; fileRef = 66203BB912D1ECFA007DF1BE /* GDataDeleted.m */; };
		66203C1712D1ECFA007DF1BE /* GDataDocumentElements.m in Sources */ = {isa = PBXBuildFile; fileRef = 66203BBB12D1ECFA007DF1BE /* GDataDocumentElements.m */; };
		66203C1812D1ECFA007DF1BE /* GDataEmail.m in Sources */ = {isa = PBXBuildFile; fileRef = 66203BBE12D1ECFA007DF1BE /* GDataEmail.m */; };
		66203C1912D1ECFA007DF1BE /* GDataEntryContent.m in Sources */ = {isa = PBXBuildFile; fileRef = 66203BC012D1ECFA007DF1BE /* GDataEntryContent.m */; };
		66203C1A12D1ECFA007DF1BE /* GDataEntryLink.m in Sources */ = {isa = PBXBuildFile; fileRef = 66203BC212D1ECFA007DF1BE /* GDataEntryLink.m */; };
		66203C1B12D1ECFA007DF1BE /* GDataExtendedProperty.m in Sources */ = {isa = PBXBuildFile; fileRef = 66203BC412D1ECFA007DF1BE /* GDataExtendedProperty.m */; };
		66203C1C12D1ECFA007DF1BE /* GDataFeedLink.m in Sources */ = {isa = PBXBuildFile; fileRef = 66203BC612D1ECFA007DF1BE /* GDataFeedLink.m */; };
		66203C1D12D1ECFA007DF1BE /* GDataGenerator.m in Sources */ = {isa = PBXBuildFile; fileRef = 66203BC812D1ECFA007DF1BE /* GDataGenerator.m */; };
		66203C1E12D1ECFA007DF1BE /* GDataGeoPt.m in Sources */ = {isa = PBXBuildFile; fileRef = 66203BCA12D1ECFA007DF1BE /* GDataGeoPt.m */; };
		66203C1F12D1ECFA007DF1BE /* GDataIM.m in Sources */ = {isa = PBXBuildFile; fileRef = 66203BCC12D1ECFA007DF1BE /* GDataIM.m */; };
		66203C2012D1ECFA007DF1BE /* GDataLink.m in Sources */ = {isa = PBXBuildFile; fileRef = 66203BCE12D1ECFA007DF1BE /* GDataLink.m */; };
		66203C2112D1ECFA007DF1BE /* GDataMoney.m in Sources */ = {isa = PBXBuildFile; fileRef = 66203BD012D1ECFA007DF1BE /* GDataMoney.m */; };
		66203C2212D1ECFA007DF1BE /* GDataName.m in Sources */ = {isa = PBXBuildFile; fileRef = 66203BD212D1ECFA007DF1BE /* GDataName.m */; };
		66203C2312D1ECFA007DF1BE /* GDataOrganization.m in Sources */ = {isa = PBXBuildFile; fileRef = 66203BD412D1ECFA007DF1BE /* GDataOrganization.m */; };
		66203C2412D1ECFA007DF1BE /* GDataOrganizationName.m in Sources */ = {isa = PBXBuildFile; fileRef = 66203BD612D1ECFA007DF1BE /* GDataOrganizationName.m */; };
		66203C2512D1ECFA007DF1BE /* GDataPerson.m in Sources */ = {isa = PBXBuildFile; fileRef = 66203BD812D1ECFA007DF1BE /* GDataPerson.m */; };
		66203C2612D1ECFA007DF1BE /* GDataPhoneNumber.m in Sources */ = {isa = PBXBuildFile; fileRef = 66203BDA12D1ECFA007DF1BE /* GDataPhoneNumber.m */; };
		66203C2712D1ECFA007DF1BE /* GDataPostalAddress.m in Sources */ = {isa = PBXBuildFile; fileRef = 66203BDC12D1ECFA007DF1BE /* GDataPostalAddress.m */; };
		66203C2812D1ECFA007DF1BE /* GDataRating.m in Sources */ = {isa = PBXBuildFile; fileRef = 66203BDE12D1ECFA007DF1BE /* GDataRating.m */; };
		66203C2912D1ECFA007DF1BE /* GDataStructuredPostalAddress.m in Sources */ = {isa = PBXBuildFile; fileRef = 66203BE012D1ECFA007DF1BE /* GDataStructuredPostalAddress.m */; };
		66203C2A12D1ECFA007DF1BE /* GDataTextConstruct.m in Sources */ = {isa = PBXBuildFile; fileRef = 66203BE212D1ECFA007DF1BE /* GDataTextConstruct.m */; };
		66203C2B12D1ECFA007DF1BE /* GDataValueConstruct.m in Sources */ = {isa = PBXBuildFile; fileRef = 66203BE412D1ECFA007DF1BE /* GDataValueConstruct.m */; };
		66203C2C12D1ECFA007DF1BE /* GDataWhen.m in Sources */ = {isa = PBXBuildFile; fileRef = 66203BE612D1ECFA007DF1BE /* GDataWhen.m */; };
		66203C2D12D1ECFA007DF1BE /* GDataWhere.m in Sources */ = {isa = PBXBuildFile; fileRef = 66203BE812D1ECFA007DF1BE /* GDataWhere.m */; };
		66203C2E12D1ECFA007DF1BE /* GDataWho.m in Sources */ = {isa = PBXBuildFile; fileRef = 66203BEA12D1ECFA007DF1BE /* GDataWho.m */; };
		66203C2F12D1ECFA007DF1BE /* GDataFramework.m in Sources */ = {isa = PBXBuildFile; fileRef = 66203BEE12D1ECFA007DF1BE /* GDataFramework.m */; };
		66203C3012D1ECFA007DF1BE /* GDataUtilities.m in Sources */ = {isa = PBXBuildFile; fileRef = 66203BF112D1ECFA007DF1BE /* GDataUtilities.m */; };
		66203C3112D1ECFA007DF1BE /* GDataAuthenticationFetcher.m in Sources */ = {isa = PBXBuildFile; fileRef = 66203BF412D1ECFA007DF1BE /* GDataAuthenticationFetcher.m */; };
		66203C3212D1ECFA007DF1BE /* GDataGatherInputStream.m in Sources */ = {isa = PBXBuildFile; fileRef = 66203BF612D1ECFA007DF1BE /* GDataGatherInputStream.m */; };
		66203C3312D1ECFA007DF1BE /* GDataHTTPFetcher.m in Sources */ = {isa = PBXBuildFile; fileRef = 66203BF812D1ECFA007DF1BE /* GDataHTTPFetcher.m */; };
		66203C3412D1ECFA007DF1BE /* GDataHTTPFetcherLogging.m in Sources */ = {isa = PBXBuildFile; fileRef = 66203BFA12D1ECFA007DF1BE /* GDataHTTPFetcherLogging.m */; };
		66203C3512D1ECFA007DF1BE /* GDataHTTPUploadFetcher.m in Sources */ = {isa = PBXBuildFile; fileRef = 66203BFC12D1ECFA007DF1BE /* GDataHTTPUploadFetcher.m */; };
		66203C3612D1ECFA007DF1BE /* GDataMIMEDocument.m in Sources */ = {isa = PBXBuildFile; fileRef = 66203BFE12D1ECFA007DF1BE /* GDataMIMEDocument.m */; };
		66203C3712D1ECFA007DF1BE /* GDataProgressMonitorInputStream.m in Sources */ = {isa = PBXBuildFile; fileRef = 66203C0012D1ECFA007DF1BE /* GDataProgressMonitorInputStream.m */; };
		66203C3812D1ECFA007DF1BE /* GDataServerError.m in Sources */ = {isa = PBXBuildFile; fileRef = 66203C0212D1ECFA007DF1BE /* GDataServerError.m */; };
		66203C3912D1ECFA007DF1BE /* GDataXMLNode.m in Sources */ = {isa = PBXBuildFile; fileRef = 66203C0512D1ECFA007DF1BE /* GDataXMLNode.m */; };
		66203C4512D1F164007DF1BE /* 79-medical-bag@2x.png in Resources */ = {isa = PBXBuildFile; fileRef = 66203C4212D1F164007DF1BE /* 79-medical-bag@2x.png */; };
		66203C4612D1F164007DF1BE /* 94-pill@2x.png in Resources */ = {isa = PBXBuildFile; fileRef = 66203C4312D1F164007DF1BE /* 94-pill@2x.png */; };
		66203C4712D1F164007DF1BE /* 125-food@2x.png in Resources */ = {isa = PBXBuildFile; fileRef = 66203C4412D1F164007DF1BE /* 125-food@2x.png */; };
		665E0FD211D4B9540096AD3B /* NSDictionary+ParamUtils.m in Sources */ = {isa = PBXBuildFile; fileRef = 665E0F9711D4B9530096AD3B /* NSDictionary+ParamUtils.m */; };
		665E0FD311D4B9540096AD3B /* NSObject+InvocationUtils.m in Sources */ = {isa = PBXBuildFile; fileRef = 665E0F9911D4B9530096AD3B /* NSObject+InvocationUtils.m */; };
		665E0FD411D4B9540096AD3B /* NSString+EscapingUtils.m in Sources */ = {isa = PBXBuildFile; fileRef = 665E0F9B11D4B9530096AD3B /* NSString+EscapingUtils.m */; };
		665E0FD511D4B9540096AD3B /* HRFormatJSON.m in Sources */ = {isa = PBXBuildFile; fileRef = 665E0F9E11D4B9530096AD3B /* HRFormatJSON.m */; };
		665E0FD611D4B9540096AD3B /* HRFormatXML.m in Sources */ = {isa = PBXBuildFile; fileRef = 665E0FA111D4B9530096AD3B /* HRFormatXML.m */; };
		665E0FD711D4B9540096AD3B /* HRGlobal.m in Sources */ = {isa = PBXBuildFile; fileRef = 665E0FA311D4B9530096AD3B /* HRGlobal.m */; };
		665E0FD811D4B9540096AD3B /* HROperationQueue.m in Sources */ = {isa = PBXBuildFile; fileRef = 665E0FA511D4B9530096AD3B /* HROperationQueue.m */; };
		665E0FD911D4B9540096AD3B /* HRRequestOperation.m in Sources */ = {isa = PBXBuildFile; fileRef = 665E0FA711D4B9530096AD3B /* HRRequestOperation.m */; };
		665E0FDA11D4B9540096AD3B /* HRRestModel.m in Sources */ = {isa = PBXBuildFile; fileRef = 665E0FAA11D4B9530096AD3B /* HRRestModel.m */; };
		665E0FDB11D4B9540096AD3B /* HRBase64.m in Sources */ = {isa = PBXBuildFile; fileRef = 665E0FAF11D4B9530096AD3B /* HRBase64.m */; };
		665E0FDC11D4B9540096AD3B /* AIXMLDocumentSerialize.m in Sources */ = {isa = PBXBuildFile; fileRef = 665E0FB311D4B9530096AD3B /* AIXMLDocumentSerialize.m */; };
		665E0FDD11D4B9540096AD3B /* AIXMLElementSerialize.m in Sources */ = {isa = PBXBuildFile; fileRef = 665E0FB511D4B9540096AD3B /* AIXMLElementSerialize.m */; };
		665E0FDE11D4B9540096AD3B /* NSObject+SBJSON.m in Sources */ = {isa = PBXBuildFile; fileRef = 665E0FBA11D4B9540096AD3B /* NSObject+SBJSON.m */; };
		665E0FDF11D4B9540096AD3B /* NSString+SBJSON.m in Sources */ = {isa = PBXBuildFile; fileRef = 665E0FBC11D4B9540096AD3B /* NSString+SBJSON.m */; };
		665E0FE011D4B9540096AD3B /* SBJSON.m in Sources */ = {isa = PBXBuildFile; fileRef = 665E0FBE11D4B9540096AD3B /* SBJSON.m */; };
		665E0FE111D4B9540096AD3B /* SBJsonBase.m in Sources */ = {isa = PBXBuildFile; fileRef = 665E0FC011D4B9540096AD3B /* SBJsonBase.m */; };
		665E0FE211D4B9540096AD3B /* SBJsonParser.m in Sources */ = {isa = PBXBuildFile; fileRef = 665E0FC211D4B9540096AD3B /* SBJsonParser.m */; };
		665E0FE311D4B9540096AD3B /* SBJsonWriter.m in Sources */ = {isa = PBXBuildFile; fileRef = 665E0FC411D4B9540096AD3B /* SBJsonWriter.m */; };
		665E0FE411D4B9540096AD3B /* DDXMLDocument.m in Sources */ = {isa = PBXBuildFile; fileRef = 665E0FC811D4B9540096AD3B /* DDXMLDocument.m */; };
		665E0FE511D4B9540096AD3B /* DDXMLElement.m in Sources */ = {isa = PBXBuildFile; fileRef = 665E0FCA11D4B9540096AD3B /* DDXMLElement.m */; };
		665E0FE611D4B9540096AD3B /* DDXMLElementAdditions.m in Sources */ = {isa = PBXBuildFile; fileRef = 665E0FCC11D4B9540096AD3B /* DDXMLElementAdditions.m */; };
		665E0FE711D4B9540096AD3B /* DDXMLNode.m in Sources */ = {isa = PBXBuildFile; fileRef = 665E0FCE11D4B9540096AD3B /* DDXMLNode.m */; };
		665E0FE811D4B9540096AD3B /* NSStringAdditions.m in Sources */ = {isa = PBXBuildFile; fileRef = 665E0FD111D4B9540096AD3B /* NSStringAdditions.m */; };
		665E103B11D4C4250096AD3B /* GoogleHealth.m in Sources */ = {isa = PBXBuildFile; fileRef = 665E103A11D4C4250096AD3B /* GoogleHealth.m */; };
		665E133E11D598EE0096AD3B /* Medication.m in Sources */ = {isa = PBXBuildFile; fileRef = 665E133D11D598EE0096AD3B /* Medication.m */; };
		665E13A811D5A17A0096AD3B /* default-43x43.png in Resources */ = {isa = PBXBuildFile; fileRef = 665E13A711D5A17A0096AD3B /* default-43x43.png */; };
		66E29F6411D5C001007B8EC7 /* Security.framework in Frameworks */ = {isa = PBXBuildFile; fileRef = 66E29F6311D5C001007B8EC7 /* Security.framework */; };
		66E29F6611D5C001007B8EC7 /* SystemConfiguration.framework in Frameworks */ = {isa = PBXBuildFile; fileRef = 66E29F6511D5C001007B8EC7 /* SystemConfiguration.framework */; };
		66E2A24111E080AA007B8EC7 /* sample_glucose.xml in Resources */ = {isa = PBXBuildFile; fileRef = 66E2A24011E080AA007B8EC7 /* sample_glucose.xml */; };
		66E2A29711E26372007B8EC7 /* QuartzCore.framework in Frameworks */ = {isa = PBXBuildFile; fileRef = 66E2A29611E26372007B8EC7 /* QuartzCore.framework */; };
		66E2A2B711E29EE3007B8EC7 /* LoginAlertView.m in Sources */ = {isa = PBXBuildFile; fileRef = 66E2A2B611E29EE3007B8EC7 /* LoginAlertView.m */; };
		66EB64CE12759DB0004F2A91 /* Entitlements.plist in Resources */ = {isa = PBXBuildFile; fileRef = 66EB64CD12759DB0004F2A91 /* Entitlements.plist */; };
/* End PBXBuildFile section */

/* Begin PBXContainerItemProxy section */
		66E2A28F11E26231007B8EC7 /* PBXContainerItemProxy */ = {
			isa = PBXContainerItemProxy;
			containerPortal = 66E2A28611E26230007B8EC7 /* CorePlot-CocoaTouch.xcodeproj */;
			proxyType = 2;
			remoteGlobalIDString = BC9B83470FB8A0A40035D8DA;
			remoteInfo = "CorePlot-CocoaTouch";
		};
		66E2A29111E26267007B8EC7 /* PBXContainerItemProxy */ = {
			isa = PBXContainerItemProxy;
			containerPortal = 66E2A28611E26230007B8EC7 /* CorePlot-CocoaTouch.xcodeproj */;
			proxyType = 1;
			remoteGlobalIDString = BC9B83460FB8A0A40035D8DA;
			remoteInfo = "CorePlot-CocoaTouch";
		};
/* End PBXContainerItemProxy section */

/* Begin PBXFileReference section */
		1D30AB110D05D00D00671497 /* Foundation.framework */ = {isa = PBXFileReference; lastKnownFileType = wrapper.framework; name = Foundation.framework; path = System/Library/Frameworks/Foundation.framework; sourceTree = SDKROOT; };
		1D3623240D0F684500981E51 /* Health_HackerAppDelegate.h */ = {isa = PBXFileReference; fileEncoding = 4; lastKnownFileType = sourcecode.c.h; path = Health_HackerAppDelegate.h; sourceTree = "<group>"; };
		1D3623250D0F684500981E51 /* Health_HackerAppDelegate.m */ = {isa = PBXFileReference; fileEncoding = 4; lastKnownFileType = sourcecode.c.objc; path = Health_HackerAppDelegate.m; sourceTree = "<group>"; };
		1D6058910D05DD3D006BFB54 /* Health Hacker.app */ = {isa = PBXFileReference; explicitFileType = wrapper.application; includeInIndex = 0; path = "Health Hacker.app"; sourceTree = BUILT_PRODUCTS_DIR; };
		1DF5F4DF0D08C38300B7A737 /* UIKit.framework */ = {isa = PBXFileReference; lastKnownFileType = wrapper.framework; name = UIKit.framework; path = System/Library/Frameworks/UIKit.framework; sourceTree = SDKROOT; };
		28860B760F44E54D00985440 /* Health_Hacker.xcdatamodel */ = {isa = PBXFileReference; fileEncoding = 4; lastKnownFileType = wrapper.xcdatamodel; path = Health_Hacker.xcdatamodel; sourceTree = "<group>"; };
		28860BE40F44EE6400985440 /* CoreData.framework */ = {isa = PBXFileReference; lastKnownFileType = wrapper.framework; name = CoreData.framework; path = System/Library/Frameworks/CoreData.framework; sourceTree = SDKROOT; };
		2892E40F0DC94CBA00A64D0F /* CoreGraphics.framework */ = {isa = PBXFileReference; lastKnownFileType = wrapper.framework; name = CoreGraphics.framework; path = System/Library/Frameworks/CoreGraphics.framework; sourceTree = SDKROOT; };
		28A0AAE50D9B0CCF005BE974 /* Health_Hacker_Prefix.pch */ = {isa = PBXFileReference; fileEncoding = 4; lastKnownFileType = sourcecode.c.h; path = Health_Hacker_Prefix.pch; sourceTree = "<group>"; };
		28AD735F0D9D9599002E5188 /* MainWindow.xib */ = {isa = PBXFileReference; lastKnownFileType = file.xib; path = MainWindow.xib; sourceTree = "<group>"; };
		28C286DF0D94DF7D0034E888 /* MedicationViewController.h */ = {isa = PBXFileReference; fileEncoding = 4; lastKnownFileType = sourcecode.c.h; path = MedicationViewController.h; sourceTree = "<group>"; };
		28C286E00D94DF7D0034E888 /* MedicationViewController.m */ = {isa = PBXFileReference; fileEncoding = 4; lastKnownFileType = sourcecode.c.objc; path = MedicationViewController.m; sourceTree = "<group>"; };
		29B97316FDCFA39411CA2CEA /* main.m */ = {isa = PBXFileReference; fileEncoding = 4; lastKnownFileType = sourcecode.c.objc; path = main.m; sourceTree = "<group>"; };
		6603A78912D0754F0028FF85 /* UserInfo.h */ = {isa = PBXFileReference; fileEncoding = 4; lastKnownFileType = sourcecode.c.h; path = UserInfo.h; sourceTree = "<group>"; };
		6603A78A12D0754F0028FF85 /* UserInfo.m */ = {isa = PBXFileReference; fileEncoding = 4; lastKnownFileType = sourcecode.c.objc; path = UserInfo.m; sourceTree = "<group>"; };
		66203AAC12D1DEA0007DF1BE /* UIPullToReloadHeaderView.h */ = {isa = PBXFileReference; fileEncoding = 4; lastKnownFileType = sourcecode.c.h; path = UIPullToReloadHeaderView.h; sourceTree = "<group>"; };
		66203AAD12D1DEA0007DF1BE /* UIPullToReloadHeaderView.m */ = {isa = PBXFileReference; fileEncoding = 4; lastKnownFileType = sourcecode.c.objc; path = UIPullToReloadHeaderView.m; sourceTree = "<group>"; };
		66203AAE12D1DEA0007DF1BE /* UIPullToReloadTableViewController.h */ = {isa = PBXFileReference; fileEncoding = 4; lastKnownFileType = sourcecode.c.h; path = UIPullToReloadTableViewController.h; sourceTree = "<group>"; };
		66203AAF12D1DEA0007DF1BE /* UIPullToReloadTableViewController.m */ = {isa = PBXFileReference; fileEncoding = 4; lastKnownFileType = sourcecode.c.objc; path = UIPullToReloadTableViewController.m; sourceTree = "<group>"; };
		66203ACD12D1DF33007DF1BE /* AudioToolbox.framework */ = {isa = PBXFileReference; lastKnownFileType = wrapper.framework; name = AudioToolbox.framework; path = System/Library/Frameworks/AudioToolbox.framework; sourceTree = SDKROOT; };
		66203AE812D1E0B6007DF1BE /* PullToReload.bundle */ = {isa = PBXFileReference; lastKnownFileType = "wrapper.plug-in"; path = PullToReload.bundle; sourceTree = "<group>"; };
		66203B1912D1E8A7007DF1BE /* 94-pill.png */ = {isa = PBXFileReference; lastKnownFileType = image.png; path = "94-pill.png"; sourceTree = "<group>"; };
		66203B1B12D1E93C007DF1BE /* 79-medical-bag.png */ = {isa = PBXFileReference; lastKnownFileType = image.png; path = "79-medical-bag.png"; sourceTree = "<group>"; };
		66203B1C12D1E93C007DF1BE /* 125-food.png */ = {isa = PBXFileReference; lastKnownFileType = image.png; path = "125-food.png"; sourceTree = "<group>"; };
		66203B2212D1EB0C007DF1BE /* GDataEntryHealthProfile.h */ = {isa = PBXFileReference; fileEncoding = 4; lastKnownFileType = sourcecode.c.h; path = GDataEntryHealthProfile.h; sourceTree = "<group>"; };
		66203B2312D1EB0C007DF1BE /* GDataEntryHealthProfile.m */ = {isa = PBXFileReference; fileEncoding = 4; lastKnownFileType = sourcecode.c.objc; path = GDataEntryHealthProfile.m; sourceTree = "<group>"; };
		66203B2412D1EB0C007DF1BE /* GDataEntryHealthRegister.h */ = {isa = PBXFileReference; fileEncoding = 4; lastKnownFileType = sourcecode.c.h; path = GDataEntryHealthRegister.h; sourceTree = "<group>"; };
		66203B2512D1EB0C007DF1BE /* GDataEntryHealthRegister.m */ = {isa = PBXFileReference; fileEncoding = 4; lastKnownFileType = sourcecode.c.objc; path = GDataEntryHealthRegister.m; sourceTree = "<group>"; };
		66203B2612D1EB0C007DF1BE /* GDataFeedHealthProfile.h */ = {isa = PBXFileReference; fileEncoding = 4; lastKnownFileType = sourcecode.c.h; path = GDataFeedHealthProfile.h; sourceTree = "<group>"; };
		66203B2712D1EB0C007DF1BE /* GDataFeedHealthProfile.m */ = {isa = PBXFileReference; fileEncoding = 4; lastKnownFileType = sourcecode.c.objc; path = GDataFeedHealthProfile.m; sourceTree = "<group>"; };
		66203B2812D1EB0C007DF1BE /* GDataFeedHealthRegister.h */ = {isa = PBXFileReference; fileEncoding = 4; lastKnownFileType = sourcecode.c.h; path = GDataFeedHealthRegister.h; sourceTree = "<group>"; };
		66203B2912D1EB0C007DF1BE /* GDataFeedHealthRegister.m */ = {isa = PBXFileReference; fileEncoding = 4; lastKnownFileType = sourcecode.c.objc; path = GDataFeedHealthRegister.m; sourceTree = "<group>"; };
		66203B2A12D1EB0C007DF1BE /* GDataHealth.h */ = {isa = PBXFileReference; fileEncoding = 4; lastKnownFileType = sourcecode.c.h; path = GDataHealth.h; sourceTree = "<group>"; };
		66203B2B12D1EB0C007DF1BE /* GDataHealthConstants.h */ = {isa = PBXFileReference; fileEncoding = 4; lastKnownFileType = sourcecode.c.h; path = GDataHealthConstants.h; sourceTree = "<group>"; };
		66203B2C12D1EB0C007DF1BE /* GDataHealthConstants.m */ = {isa = PBXFileReference; fileEncoding = 4; lastKnownFileType = sourcecode.c.objc; path = GDataHealthConstants.m; sourceTree = "<group>"; };
		66203B2D12D1EB0C007DF1BE /* GDataHealthElements.h */ = {isa = PBXFileReference; fileEncoding = 4; lastKnownFileType = sourcecode.c.h; path = GDataHealthElements.h; sourceTree = "<group>"; };
		66203B2E12D1EB0C007DF1BE /* GDataHealthElements.m */ = {isa = PBXFileReference; fileEncoding = 4; lastKnownFileType = sourcecode.c.objc; path = GDataHealthElements.m; sourceTree = "<group>"; };
		66203B2F12D1EB0C007DF1BE /* GDataQueryGoogleHealth.h */ = {isa = PBXFileReference; fileEncoding = 4; lastKnownFileType = sourcecode.c.h; path = GDataQueryGoogleHealth.h; sourceTree = "<group>"; };
		66203B3012D1EB0C007DF1BE /* GDataQueryGoogleHealth.m */ = {isa = PBXFileReference; fileEncoding = 4; lastKnownFileType = sourcecode.c.objc; path = GDataQueryGoogleHealth.m; sourceTree = "<group>"; };
		66203B3112D1EB0C007DF1BE /* GDataServiceGoogleHealth.h */ = {isa = PBXFileReference; fileEncoding = 4; lastKnownFileType = sourcecode.c.h; path = GDataServiceGoogleHealth.h; sourceTree = "<group>"; };
		66203B3212D1EB0C007DF1BE /* GDataServiceGoogleHealth.m */ = {isa = PBXFileReference; fileEncoding = 4; lastKnownFileType = sourcecode.c.objc; path = GDataServiceGoogleHealth.m; sourceTree = "<group>"; };
		66203B9712D1ECFA007DF1BE /* GDataEntryBase.h */ = {isa = PBXFileReference; fileEncoding = 4; lastKnownFileType = sourcecode.c.h; path = GDataEntryBase.h; sourceTree = "<group>"; };
		66203B9812D1ECFA007DF1BE /* GDataEntryBase.m */ = {isa = PBXFileReference; fileEncoding = 4; lastKnownFileType = sourcecode.c.objc; path = GDataEntryBase.m; sourceTree = "<group>"; };
		66203B9912D1ECFA007DF1BE /* GDataFeedBase.h */ = {isa = PBXFileReference; fileEncoding = 4; lastKnownFileType = sourcecode.c.h; path = GDataFeedBase.h; sourceTree = "<group>"; };
		66203B9A12D1ECFA007DF1BE /* GDataFeedBase.m */ = {isa = PBXFileReference; fileEncoding = 4; lastKnownFileType = sourcecode.c.objc; path = GDataFeedBase.m; sourceTree = "<group>"; };
		66203B9B12D1ECFA007DF1BE /* GDataObject.h */ = {isa = PBXFileReference; fileEncoding = 4; lastKnownFileType = sourcecode.c.h; path = GDataObject.h; sourceTree = "<group>"; };
		66203B9C12D1ECFA007DF1BE /* GDataObject.m */ = {isa = PBXFileReference; fileEncoding = 4; lastKnownFileType = sourcecode.c.objc; path = GDataObject.m; sourceTree = "<group>"; };
		66203B9D12D1ECFA007DF1BE /* GDataQuery.h */ = {isa = PBXFileReference; fileEncoding = 4; lastKnownFileType = sourcecode.c.h; path = GDataQuery.h; sourceTree = "<group>"; };
		66203B9E12D1ECFA007DF1BE /* GDataQuery.m */ = {isa = PBXFileReference; fileEncoding = 4; lastKnownFileType = sourcecode.c.objc; path = GDataQuery.m; sourceTree = "<group>"; };
		66203B9F12D1ECFA007DF1BE /* GDataServiceBase.h */ = {isa = PBXFileReference; fileEncoding = 4; lastKnownFileType = sourcecode.c.h; path = GDataServiceBase.h; sourceTree = "<group>"; };
		66203BA012D1ECFA007DF1BE /* GDataServiceBase.m */ = {isa = PBXFileReference; fileEncoding = 4; lastKnownFileType = sourcecode.c.objc; path = GDataServiceBase.m; sourceTree = "<group>"; };
		66203BA112D1ECFA007DF1BE /* GDataServiceGoogle.h */ = {isa = PBXFileReference; fileEncoding = 4; lastKnownFileType = sourcecode.c.h; path = GDataServiceGoogle.h; sourceTree = "<group>"; };
		66203BA212D1ECFA007DF1BE /* GDataServiceGoogle.m */ = {isa = PBXFileReference; fileEncoding = 4; lastKnownFileType = sourcecode.c.objc; path = GDataServiceGoogle.m; sourceTree = "<group>"; };
		66203BA412D1ECFA007DF1BE /* GDataAtomPubControl.h */ = {isa = PBXFileReference; fileEncoding = 4; lastKnownFileType = sourcecode.c.h; path = GDataAtomPubControl.h; sourceTree = "<group>"; };
		66203BA512D1ECFA007DF1BE /* GDataAtomPubControl.m */ = {isa = PBXFileReference; fileEncoding = 4; lastKnownFileType = sourcecode.c.objc; path = GDataAtomPubControl.m; sourceTree = "<group>"; };
		66203BA612D1ECFA007DF1BE /* GDataBaseElements.h */ = {isa = PBXFileReference; fileEncoding = 4; lastKnownFileType = sourcecode.c.h; path = GDataBaseElements.h; sourceTree = "<group>"; };
		66203BA712D1ECFA007DF1BE /* GDataBaseElements.m */ = {isa = PBXFileReference; fileEncoding = 4; lastKnownFileType = sourcecode.c.objc; path = GDataBaseElements.m; sourceTree = "<group>"; };
		66203BA812D1ECFA007DF1BE /* GDataBatchID.h */ = {isa = PBXFileReference; fileEncoding = 4; lastKnownFileType = sourcecode.c.h; path = GDataBatchID.h; sourceTree = "<group>"; };
		66203BA912D1ECFA007DF1BE /* GDataBatchID.m */ = {isa = PBXFileReference; fileEncoding = 4; lastKnownFileType = sourcecode.c.objc; path = GDataBatchID.m; sourceTree = "<group>"; };
		66203BAA12D1ECFA007DF1BE /* GDataBatchInterrupted.h */ = {isa = PBXFileReference; fileEncoding = 4; lastKnownFileType = sourcecode.c.h; path = GDataBatchInterrupted.h; sourceTree = "<group>"; };
		66203BAB12D1ECFA007DF1BE /* GDataBatchInterrupted.m */ = {isa = PBXFileReference; fileEncoding = 4; lastKnownFileType = sourcecode.c.objc; path = GDataBatchInterrupted.m; sourceTree = "<group>"; };
		66203BAC12D1ECFA007DF1BE /* GDataBatchOperation.h */ = {isa = PBXFileReference; fileEncoding = 4; lastKnownFileType = sourcecode.c.h; path = GDataBatchOperation.h; sourceTree = "<group>"; };
		66203BAD12D1ECFA007DF1BE /* GDataBatchOperation.m */ = {isa = PBXFileReference; fileEncoding = 4; lastKnownFileType = sourcecode.c.objc; path = GDataBatchOperation.m; sourceTree = "<group>"; };
		66203BAE12D1ECFA007DF1BE /* GDataBatchStatus.h */ = {isa = PBXFileReference; fileEncoding = 4; lastKnownFileType = sourcecode.c.h; path = GDataBatchStatus.h; sourceTree = "<group>"; };
		66203BAF12D1ECFA007DF1BE /* GDataBatchStatus.m */ = {isa = PBXFileReference; fileEncoding = 4; lastKnownFileType = sourcecode.c.objc; path = GDataBatchStatus.m; sourceTree = "<group>"; };
		66203BB012D1ECFA007DF1BE /* GDataCategory.h */ = {isa = PBXFileReference; fileEncoding = 4; lastKnownFileType = sourcecode.c.h; path = GDataCategory.h; sourceTree = "<group>"; };
		66203BB112D1ECFA007DF1BE /* GDataCategory.m */ = {isa = PBXFileReference; fileEncoding = 4; lastKnownFileType = sourcecode.c.objc; path = GDataCategory.m; sourceTree = "<group>"; };
		66203BB212D1ECFA007DF1BE /* GDataComment.h */ = {isa = PBXFileReference; fileEncoding = 4; lastKnownFileType = sourcecode.c.h; path = GDataComment.h; sourceTree = "<group>"; };
		66203BB312D1ECFA007DF1BE /* GDataComment.m */ = {isa = PBXFileReference; fileEncoding = 4; lastKnownFileType = sourcecode.c.objc; path = GDataComment.m; sourceTree = "<group>"; };
		66203BB412D1ECFA007DF1BE /* GDataCustomProperty.h */ = {isa = PBXFileReference; fileEncoding = 4; lastKnownFileType = sourcecode.c.h; path = GDataCustomProperty.h; sourceTree = "<group>"; };
		66203BB512D1ECFA007DF1BE /* GDataCustomProperty.m */ = {isa = PBXFileReference; fileEncoding = 4; lastKnownFileType = sourcecode.c.objc; path = GDataCustomProperty.m; sourceTree = "<group>"; };
		66203BB612D1ECFA007DF1BE /* GDataDateTime.h */ = {isa = PBXFileReference; fileEncoding = 4; lastKnownFileType = sourcecode.c.h; path = GDataDateTime.h; sourceTree = "<group>"; };
		66203BB712D1ECFA007DF1BE /* GDataDateTime.m */ = {isa = PBXFileReference; fileEncoding = 4; lastKnownFileType = sourcecode.c.objc; path = GDataDateTime.m; sourceTree = "<group>"; };
		66203BB812D1ECFA007DF1BE /* GDataDeleted.h */ = {isa = PBXFileReference; fileEncoding = 4; lastKnownFileType = sourcecode.c.h; path = GDataDeleted.h; sourceTree = "<group>"; };
		66203BB912D1ECFA007DF1BE /* GDataDeleted.m */ = {isa = PBXFileReference; fileEncoding = 4; lastKnownFileType = sourcecode.c.objc; path = GDataDeleted.m; sourceTree = "<group>"; };
		66203BBA12D1ECFA007DF1BE /* GDataDocumentElements.h */ = {isa = PBXFileReference; fileEncoding = 4; lastKnownFileType = sourcecode.c.h; path = GDataDocumentElements.h; sourceTree = "<group>"; };
		66203BBB12D1ECFA007DF1BE /* GDataDocumentElements.m */ = {isa = PBXFileReference; fileEncoding = 4; lastKnownFileType = sourcecode.c.objc; path = GDataDocumentElements.m; sourceTree = "<group>"; };
		66203BBC12D1ECFA007DF1BE /* GDataElements.h */ = {isa = PBXFileReference; fileEncoding = 4; lastKnownFileType = sourcecode.c.h; path = GDataElements.h; sourceTree = "<group>"; };
		66203BBD12D1ECFA007DF1BE /* GDataEmail.h */ = {isa = PBXFileReference; fileEncoding = 4; lastKnownFileType = sourcecode.c.h; path = GDataEmail.h; sourceTree = "<group>"; };
		66203BBE12D1ECFA007DF1BE /* GDataEmail.m */ = {isa = PBXFileReference; fileEncoding = 4; lastKnownFileType = sourcecode.c.objc; path = GDataEmail.m; sourceTree = "<group>"; };
		66203BBF12D1ECFA007DF1BE /* GDataEntryContent.h */ = {isa = PBXFileReference; fileEncoding = 4; lastKnownFileType = sourcecode.c.h; path = GDataEntryContent.h; sourceTree = "<group>"; };
		66203BC012D1ECFA007DF1BE /* GDataEntryContent.m */ = {isa = PBXFileReference; fileEncoding = 4; lastKnownFileType = sourcecode.c.objc; path = GDataEntryContent.m; sourceTree = "<group>"; };
		66203BC112D1ECFA007DF1BE /* GDataEntryLink.h */ = {isa = PBXFileReference; fileEncoding = 4; lastKnownFileType = sourcecode.c.h; path = GDataEntryLink.h; sourceTree = "<group>"; };
		66203BC212D1ECFA007DF1BE /* GDataEntryLink.m */ = {isa = PBXFileReference; fileEncoding = 4; lastKnownFileType = sourcecode.c.objc; path = GDataEntryLink.m; sourceTree = "<group>"; };
		66203BC312D1ECFA007DF1BE /* GDataExtendedProperty.h */ = {isa = PBXFileReference; fileEncoding = 4; lastKnownFileType = sourcecode.c.h; path = GDataExtendedProperty.h; sourceTree = "<group>"; };
		66203BC412D1ECFA007DF1BE /* GDataExtendedProperty.m */ = {isa = PBXFileReference; fileEncoding = 4; lastKnownFileType = sourcecode.c.objc; path = GDataExtendedProperty.m; sourceTree = "<group>"; };
		66203BC512D1ECFA007DF1BE /* GDataFeedLink.h */ = {isa = PBXFileReference; fileEncoding = 4; lastKnownFileType = sourcecode.c.h; path = GDataFeedLink.h; sourceTree = "<group>"; };
		66203BC612D1ECFA007DF1BE /* GDataFeedLink.m */ = {isa = PBXFileReference; fileEncoding = 4; lastKnownFileType = sourcecode.c.objc; path = GDataFeedLink.m; sourceTree = "<group>"; };
		66203BC712D1ECFA007DF1BE /* GDataGenerator.h */ = {isa = PBXFileReference; fileEncoding = 4; lastKnownFileType = sourcecode.c.h; path = GDataGenerator.h; sourceTree = "<group>"; };
		66203BC812D1ECFA007DF1BE /* GDataGenerator.m */ = {isa = PBXFileReference; fileEncoding = 4; lastKnownFileType = sourcecode.c.objc; path = GDataGenerator.m; sourceTree = "<group>"; };
		66203BC912D1ECFA007DF1BE /* GDataGeoPt.h */ = {isa = PBXFileReference; fileEncoding = 4; lastKnownFileType = sourcecode.c.h; path = GDataGeoPt.h; sourceTree = "<group>"; };
		66203BCA12D1ECFA007DF1BE /* GDataGeoPt.m */ = {isa = PBXFileReference; fileEncoding = 4; lastKnownFileType = sourcecode.c.objc; path = GDataGeoPt.m; sourceTree = "<group>"; };
		66203BCB12D1ECFA007DF1BE /* GDataIM.h */ = {isa = PBXFileReference; fileEncoding = 4; lastKnownFileType = sourcecode.c.h; path = GDataIM.h; sourceTree = "<group>"; };
		66203BCC12D1ECFA007DF1BE /* GDataIM.m */ = {isa = PBXFileReference; fileEncoding = 4; lastKnownFileType = sourcecode.c.objc; path = GDataIM.m; sourceTree = "<group>"; };
		66203BCD12D1ECFA007DF1BE /* GDataLink.h */ = {isa = PBXFileReference; fileEncoding = 4; lastKnownFileType = sourcecode.c.h; path = GDataLink.h; sourceTree = "<group>"; };
		66203BCE12D1ECFA007DF1BE /* GDataLink.m */ = {isa = PBXFileReference; fileEncoding = 4; lastKnownFileType = sourcecode.c.objc; path = GDataLink.m; sourceTree = "<group>"; };
		66203BCF12D1ECFA007DF1BE /* GDataMoney.h */ = {isa = PBXFileReference; fileEncoding = 4; lastKnownFileType = sourcecode.c.h; path = GDataMoney.h; sourceTree = "<group>"; };
		66203BD012D1ECFA007DF1BE /* GDataMoney.m */ = {isa = PBXFileReference; fileEncoding = 4; lastKnownFileType = sourcecode.c.objc; path = GDataMoney.m; sourceTree = "<group>"; };
		66203BD112D1ECFA007DF1BE /* GDataName.h */ = {isa = PBXFileReference; fileEncoding = 4; lastKnownFileType = sourcecode.c.h; path = GDataName.h; sourceTree = "<group>"; };
		66203BD212D1ECFA007DF1BE /* GDataName.m */ = {isa = PBXFileReference; fileEncoding = 4; lastKnownFileType = sourcecode.c.objc; path = GDataName.m; sourceTree = "<group>"; };
		66203BD312D1ECFA007DF1BE /* GDataOrganization.h */ = {isa = PBXFileReference; fileEncoding = 4; lastKnownFileType = sourcecode.c.h; path = GDataOrganization.h; sourceTree = "<group>"; };
		66203BD412D1ECFA007DF1BE /* GDataOrganization.m */ = {isa = PBXFileReference; fileEncoding = 4; lastKnownFileType = sourcecode.c.objc; path = GDataOrganization.m; sourceTree = "<group>"; };
		66203BD512D1ECFA007DF1BE /* GDataOrganizationName.h */ = {isa = PBXFileReference; fileEncoding = 4; lastKnownFileType = sourcecode.c.h; path = GDataOrganizationName.h; sourceTree = "<group>"; };
		66203BD612D1ECFA007DF1BE /* GDataOrganizationName.m */ = {isa = PBXFileReference; fileEncoding = 4; lastKnownFileType = sourcecode.c.objc; path = GDataOrganizationName.m; sourceTree = "<group>"; };
		66203BD712D1ECFA007DF1BE /* GDataPerson.h */ = {isa = PBXFileReference; fileEncoding = 4; lastKnownFileType = sourcecode.c.h; path = GDataPerson.h; sourceTree = "<group>"; };
		66203BD812D1ECFA007DF1BE /* GDataPerson.m */ = {isa = PBXFileReference; fileEncoding = 4; lastKnownFileType = sourcecode.c.objc; path = GDataPerson.m; sourceTree = "<group>"; };
		66203BD912D1ECFA007DF1BE /* GDataPhoneNumber.h */ = {isa = PBXFileReference; fileEncoding = 4; lastKnownFileType = sourcecode.c.h; path = GDataPhoneNumber.h; sourceTree = "<group>"; };
		66203BDA12D1ECFA007DF1BE /* GDataPhoneNumber.m */ = {isa = PBXFileReference; fileEncoding = 4; lastKnownFileType = sourcecode.c.objc; path = GDataPhoneNumber.m; sourceTree = "<group>"; };
		66203BDB12D1ECFA007DF1BE /* GDataPostalAddress.h */ = {isa = PBXFileReference; fileEncoding = 4; lastKnownFileType = sourcecode.c.h; path = GDataPostalAddress.h; sourceTree = "<group>"; };
		66203BDC12D1ECFA007DF1BE /* GDataPostalAddress.m */ = {isa = PBXFileReference; fileEncoding = 4; lastKnownFileType = sourcecode.c.objc; path = GDataPostalAddress.m; sourceTree = "<group>"; };
		66203BDD12D1ECFA007DF1BE /* GDataRating.h */ = {isa = PBXFileReference; fileEncoding = 4; lastKnownFileType = sourcecode.c.h; path = GDataRating.h; sourceTree = "<group>"; };
		66203BDE12D1ECFA007DF1BE /* GDataRating.m */ = {isa = PBXFileReference; fileEncoding = 4; lastKnownFileType = sourcecode.c.objc; path = GDataRating.m; sourceTree = "<group>"; };
		66203BDF12D1ECFA007DF1BE /* GDataStructuredPostalAddress.h */ = {isa = PBXFileReference; fileEncoding = 4; lastKnownFileType = sourcecode.c.h; path = GDataStructuredPostalAddress.h; sourceTree = "<group>"; };
		66203BE012D1ECFA007DF1BE /* GDataStructuredPostalAddress.m */ = {isa = PBXFileReference; fileEncoding = 4; lastKnownFileType = sourcecode.c.objc; path = GDataStructuredPostalAddress.m; sourceTree = "<group>"; };
		66203BE112D1ECFA007DF1BE /* GDataTextConstruct.h */ = {isa = PBXFileReference; fileEncoding = 4; lastKnownFileType = sourcecode.c.h; path = GDataTextConstruct.h; sourceTree = "<group>"; };
		66203BE212D1ECFA007DF1BE /* GDataTextConstruct.m */ = {isa = PBXFileReference; fileEncoding = 4; lastKnownFileType = sourcecode.c.objc; path = GDataTextConstruct.m; sourceTree = "<group>"; };
		66203BE312D1ECFA007DF1BE /* GDataValueConstruct.h */ = {isa = PBXFileReference; fileEncoding = 4; lastKnownFileType = sourcecode.c.h; path = GDataValueConstruct.h; sourceTree = "<group>"; };
		66203BE412D1ECFA007DF1BE /* GDataValueConstruct.m */ = {isa = PBXFileReference; fileEncoding = 4; lastKnownFileType = sourcecode.c.objc; path = GDataValueConstruct.m; sourceTree = "<group>"; };
		66203BE512D1ECFA007DF1BE /* GDataWhen.h */ = {isa = PBXFileReference; fileEncoding = 4; lastKnownFileType = sourcecode.c.h; path = GDataWhen.h; sourceTree = "<group>"; };
		66203BE612D1ECFA007DF1BE /* GDataWhen.m */ = {isa = PBXFileReference; fileEncoding = 4; lastKnownFileType = sourcecode.c.objc; path = GDataWhen.m; sourceTree = "<group>"; };
		66203BE712D1ECFA007DF1BE /* GDataWhere.h */ = {isa = PBXFileReference; fileEncoding = 4; lastKnownFileType = sourcecode.c.h; path = GDataWhere.h; sourceTree = "<group>"; };
		66203BE812D1ECFA007DF1BE /* GDataWhere.m */ = {isa = PBXFileReference; fileEncoding = 4; lastKnownFileType = sourcecode.c.objc; path = GDataWhere.m; sourceTree = "<group>"; };
		66203BE912D1ECFA007DF1BE /* GDataWho.h */ = {isa = PBXFileReference; fileEncoding = 4; lastKnownFileType = sourcecode.c.h; path = GDataWho.h; sourceTree = "<group>"; };
		66203BEA12D1ECFA007DF1BE /* GDataWho.m */ = {isa = PBXFileReference; fileEncoding = 4; lastKnownFileType = sourcecode.c.objc; path = GDataWho.m; sourceTree = "<group>"; };
		66203BEB12D1ECFA007DF1BE /* GData.h */ = {isa = PBXFileReference; fileEncoding = 4; lastKnownFileType = sourcecode.c.h; path = GData.h; sourceTree = "<group>"; };
		66203BEC12D1ECFA007DF1BE /* GDataDefines.h */ = {isa = PBXFileReference; fileEncoding = 4; lastKnownFileType = sourcecode.c.h; path = GDataDefines.h; sourceTree = "<group>"; };
		66203BED12D1ECFA007DF1BE /* GDataFramework.h */ = {isa = PBXFileReference; fileEncoding = 4; lastKnownFileType = sourcecode.c.h; path = GDataFramework.h; sourceTree = "<group>"; };
		66203BEE12D1ECFA007DF1BE /* GDataFramework.m */ = {isa = PBXFileReference; fileEncoding = 4; lastKnownFileType = sourcecode.c.objc; path = GDataFramework.m; sourceTree = "<group>"; };
		66203BEF12D1ECFA007DF1BE /* GDataTargetNamespace.h */ = {isa = PBXFileReference; fileEncoding = 4; lastKnownFileType = sourcecode.c.h; path = GDataTargetNamespace.h; sourceTree = "<group>"; };
		66203BF012D1ECFA007DF1BE /* GDataUtilities.h */ = {isa = PBXFileReference; fileEncoding = 4; lastKnownFileType = sourcecode.c.h; path = GDataUtilities.h; sourceTree = "<group>"; };
		66203BF112D1ECFA007DF1BE /* GDataUtilities.m */ = {isa = PBXFileReference; fileEncoding = 4; lastKnownFileType = sourcecode.c.objc; path = GDataUtilities.m; sourceTree = "<group>"; };
		66203BF312D1ECFA007DF1BE /* GDataAuthenticationFetcher.h */ = {isa = PBXFileReference; fileEncoding = 4; lastKnownFileType = sourcecode.c.h; path = GDataAuthenticationFetcher.h; sourceTree = "<group>"; };
		66203BF412D1ECFA007DF1BE /* GDataAuthenticationFetcher.m */ = {isa = PBXFileReference; fileEncoding = 4; lastKnownFileType = sourcecode.c.objc; path = GDataAuthenticationFetcher.m; sourceTree = "<group>"; };
		66203BF512D1ECFA007DF1BE /* GDataGatherInputStream.h */ = {isa = PBXFileReference; fileEncoding = 4; lastKnownFileType = sourcecode.c.h; path = GDataGatherInputStream.h; sourceTree = "<group>"; };
		66203BF612D1ECFA007DF1BE /* GDataGatherInputStream.m */ = {isa = PBXFileReference; fileEncoding = 4; lastKnownFileType = sourcecode.c.objc; path = GDataGatherInputStream.m; sourceTree = "<group>"; };
		66203BF712D1ECFA007DF1BE /* GDataHTTPFetcher.h */ = {isa = PBXFileReference; fileEncoding = 4; lastKnownFileType = sourcecode.c.h; path = GDataHTTPFetcher.h; sourceTree = "<group>"; };
		66203BF812D1ECFA007DF1BE /* GDataHTTPFetcher.m */ = {isa = PBXFileReference; fileEncoding = 4; lastKnownFileType = sourcecode.c.objc; path = GDataHTTPFetcher.m; sourceTree = "<group>"; };
		66203BF912D1ECFA007DF1BE /* GDataHTTPFetcherLogging.h */ = {isa = PBXFileReference; fileEncoding = 4; lastKnownFileType = sourcecode.c.h; path = GDataHTTPFetcherLogging.h; sourceTree = "<group>"; };
		66203BFA12D1ECFA007DF1BE /* GDataHTTPFetcherLogging.m */ = {isa = PBXFileReference; fileEncoding = 4; lastKnownFileType = sourcecode.c.objc; path = GDataHTTPFetcherLogging.m; sourceTree = "<group>"; };
		66203BFB12D1ECFA007DF1BE /* GDataHTTPUploadFetcher.h */ = {isa = PBXFileReference; fileEncoding = 4; lastKnownFileType = sourcecode.c.h; path = GDataHTTPUploadFetcher.h; sourceTree = "<group>"; };
		66203BFC12D1ECFA007DF1BE /* GDataHTTPUploadFetcher.m */ = {isa = PBXFileReference; fileEncoding = 4; lastKnownFileType = sourcecode.c.objc; path = GDataHTTPUploadFetcher.m; sourceTree = "<group>"; };
		66203BFD12D1ECFA007DF1BE /* GDataMIMEDocument.h */ = {isa = PBXFileReference; fileEncoding = 4; lastKnownFileType = sourcecode.c.h; path = GDataMIMEDocument.h; sourceTree = "<group>"; };
		66203BFE12D1ECFA007DF1BE /* GDataMIMEDocument.m */ = {isa = PBXFileReference; fileEncoding = 4; lastKnownFileType = sourcecode.c.objc; path = GDataMIMEDocument.m; sourceTree = "<group>"; };
		66203BFF12D1ECFA007DF1BE /* GDataProgressMonitorInputStream.h */ = {isa = PBXFileReference; fileEncoding = 4; lastKnownFileType = sourcecode.c.h; path = GDataProgressMonitorInputStream.h; sourceTree = "<group>"; };
		66203C0012D1ECFA007DF1BE /* GDataProgressMonitorInputStream.m */ = {isa = PBXFileReference; fileEncoding = 4; lastKnownFileType = sourcecode.c.objc; path = GDataProgressMonitorInputStream.m; sourceTree = "<group>"; };
		66203C0112D1ECFA007DF1BE /* GDataServerError.h */ = {isa = PBXFileReference; fileEncoding = 4; lastKnownFileType = sourcecode.c.h; path = GDataServerError.h; sourceTree = "<group>"; };
		66203C0212D1ECFA007DF1BE /* GDataServerError.m */ = {isa = PBXFileReference; fileEncoding = 4; lastKnownFileType = sourcecode.c.objc; path = GDataServerError.m; sourceTree = "<group>"; };
		66203C0412D1ECFA007DF1BE /* GDataXMLNode.h */ = {isa = PBXFileReference; fileEncoding = 4; lastKnownFileType = sourcecode.c.h; path = GDataXMLNode.h; sourceTree = "<group>"; };
		66203C0512D1ECFA007DF1BE /* GDataXMLNode.m */ = {isa = PBXFileReference; fileEncoding = 4; lastKnownFileType = sourcecode.c.objc; path = GDataXMLNode.m; sourceTree = "<group>"; };
		66203C4212D1F164007DF1BE /* 79-medical-bag@2x.png */ = {isa = PBXFileReference; lastKnownFileType = image.png; path = "79-medical-bag@2x.png"; sourceTree = "<group>"; };
		66203C4312D1F164007DF1BE /* 94-pill@2x.png */ = {isa = PBXFileReference; lastKnownFileType = image.png; path = "94-pill@2x.png"; sourceTree = "<group>"; };
		66203C4412D1F164007DF1BE /* 125-food@2x.png */ = {isa = PBXFileReference; lastKnownFileType = image.png; path = "125-food@2x.png"; sourceTree = "<group>"; };
		665E0F9611D4B9530096AD3B /* NSDictionary+ParamUtils.h */ = {isa = PBXFileReference; fileEncoding = 4; lastKnownFileType = sourcecode.c.h; path = "NSDictionary+ParamUtils.h"; sourceTree = "<group>"; };
		665E0F9711D4B9530096AD3B /* NSDictionary+ParamUtils.m */ = {isa = PBXFileReference; fileEncoding = 4; lastKnownFileType = sourcecode.c.objc; path = "NSDictionary+ParamUtils.m"; sourceTree = "<group>"; };
		665E0F9811D4B9530096AD3B /* NSObject+InvocationUtils.h */ = {isa = PBXFileReference; fileEncoding = 4; lastKnownFileType = sourcecode.c.h; path = "NSObject+InvocationUtils.h"; sourceTree = "<group>"; };
		665E0F9911D4B9530096AD3B /* NSObject+InvocationUtils.m */ = {isa = PBXFileReference; fileEncoding = 4; lastKnownFileType = sourcecode.c.objc; path = "NSObject+InvocationUtils.m"; sourceTree = "<group>"; };
		665E0F9A11D4B9530096AD3B /* NSString+EscapingUtils.h */ = {isa = PBXFileReference; fileEncoding = 4; lastKnownFileType = sourcecode.c.h; path = "NSString+EscapingUtils.h"; sourceTree = "<group>"; };
		665E0F9B11D4B9530096AD3B /* NSString+EscapingUtils.m */ = {isa = PBXFileReference; fileEncoding = 4; lastKnownFileType = sourcecode.c.objc; path = "NSString+EscapingUtils.m"; sourceTree = "<group>"; };
		665E0F9D11D4B9530096AD3B /* HRFormatJSON.h */ = {isa = PBXFileReference; fileEncoding = 4; lastKnownFileType = sourcecode.c.h; path = HRFormatJSON.h; sourceTree = "<group>"; };
		665E0F9E11D4B9530096AD3B /* HRFormatJSON.m */ = {isa = PBXFileReference; fileEncoding = 4; lastKnownFileType = sourcecode.c.objc; path = HRFormatJSON.m; sourceTree = "<group>"; };
		665E0F9F11D4B9530096AD3B /* HRFormatterProtocol.h */ = {isa = PBXFileReference; fileEncoding = 4; lastKnownFileType = sourcecode.c.h; path = HRFormatterProtocol.h; sourceTree = "<group>"; };
		665E0FA011D4B9530096AD3B /* HRFormatXML.h */ = {isa = PBXFileReference; fileEncoding = 4; lastKnownFileType = sourcecode.c.h; path = HRFormatXML.h; sourceTree = "<group>"; };
		665E0FA111D4B9530096AD3B /* HRFormatXML.m */ = {isa = PBXFileReference; fileEncoding = 4; lastKnownFileType = sourcecode.c.objc; path = HRFormatXML.m; sourceTree = "<group>"; };
		665E0FA211D4B9530096AD3B /* HRGlobal.h */ = {isa = PBXFileReference; fileEncoding = 4; lastKnownFileType = sourcecode.c.h; path = HRGlobal.h; sourceTree = "<group>"; };
		665E0FA311D4B9530096AD3B /* HRGlobal.m */ = {isa = PBXFileReference; fileEncoding = 4; lastKnownFileType = sourcecode.c.objc; path = HRGlobal.m; sourceTree = "<group>"; };
		665E0FA411D4B9530096AD3B /* HROperationQueue.h */ = {isa = PBXFileReference; fileEncoding = 4; lastKnownFileType = sourcecode.c.h; path = HROperationQueue.h; sourceTree = "<group>"; };
		665E0FA511D4B9530096AD3B /* HROperationQueue.m */ = {isa = PBXFileReference; fileEncoding = 4; lastKnownFileType = sourcecode.c.objc; path = HROperationQueue.m; sourceTree = "<group>"; };
		665E0FA611D4B9530096AD3B /* HRRequestOperation.h */ = {isa = PBXFileReference; fileEncoding = 4; lastKnownFileType = sourcecode.c.h; path = HRRequestOperation.h; sourceTree = "<group>"; };
		665E0FA711D4B9530096AD3B /* HRRequestOperation.m */ = {isa = PBXFileReference; fileEncoding = 4; lastKnownFileType = sourcecode.c.objc; path = HRRequestOperation.m; sourceTree = "<group>"; };
		665E0FA811D4B9530096AD3B /* HRResponseDelegate.h */ = {isa = PBXFileReference; fileEncoding = 4; lastKnownFileType = sourcecode.c.h; path = HRResponseDelegate.h; sourceTree = "<group>"; };
		665E0FA911D4B9530096AD3B /* HRRestModel.h */ = {isa = PBXFileReference; fileEncoding = 4; lastKnownFileType = sourcecode.c.h; path = HRRestModel.h; sourceTree = "<group>"; };
		665E0FAA11D4B9530096AD3B /* HRRestModel.m */ = {isa = PBXFileReference; fileEncoding = 4; lastKnownFileType = sourcecode.c.objc; path = HRRestModel.m; sourceTree = "<group>"; };
		665E0FAB11D4B9530096AD3B /* HTTPRiot.h */ = {isa = PBXFileReference; fileEncoding = 4; lastKnownFileType = sourcecode.c.h; path = HTTPRiot.h; sourceTree = "<group>"; };
		665E0FAC11D4B9530096AD3B /* HTTPRiot_Prefix.pch */ = {isa = PBXFileReference; fileEncoding = 4; lastKnownFileType = sourcecode.c.h; path = HTTPRiot_Prefix.pch; sourceTree = "<group>"; };
		665E0FAE11D4B9530096AD3B /* HRBase64.h */ = {isa = PBXFileReference; fileEncoding = 4; lastKnownFileType = sourcecode.c.h; path = HRBase64.h; sourceTree = "<group>"; };
		665E0FAF11D4B9530096AD3B /* HRBase64.m */ = {isa = PBXFileReference; fileEncoding = 4; lastKnownFileType = sourcecode.c.objc; path = HRBase64.m; sourceTree = "<group>"; };
		665E0FB211D4B9530096AD3B /* AIXMLDocumentSerialize.h */ = {isa = PBXFileReference; fileEncoding = 4; lastKnownFileType = sourcecode.c.h; path = AIXMLDocumentSerialize.h; sourceTree = "<group>"; };
		665E0FB311D4B9530096AD3B /* AIXMLDocumentSerialize.m */ = {isa = PBXFileReference; fileEncoding = 4; lastKnownFileType = sourcecode.c.objc; path = AIXMLDocumentSerialize.m; sourceTree = "<group>"; };
		665E0FB411D4B9530096AD3B /* AIXMLElementSerialize.h */ = {isa = PBXFileReference; fileEncoding = 4; lastKnownFileType = sourcecode.c.h; path = AIXMLElementSerialize.h; sourceTree = "<group>"; };
		665E0FB511D4B9540096AD3B /* AIXMLElementSerialize.m */ = {isa = PBXFileReference; fileEncoding = 4; lastKnownFileType = sourcecode.c.objc; path = AIXMLElementSerialize.m; sourceTree = "<group>"; };
		665E0FB611D4B9540096AD3B /* AIXMLSerialization.h */ = {isa = PBXFileReference; fileEncoding = 4; lastKnownFileType = sourcecode.c.h; path = AIXMLSerialization.h; sourceTree = "<group>"; };
		665E0FB811D4B9540096AD3B /* JSON.h */ = {isa = PBXFileReference; fileEncoding = 4; lastKnownFileType = sourcecode.c.h; path = JSON.h; sourceTree = "<group>"; };
		665E0FB911D4B9540096AD3B /* NSObject+SBJSON.h */ = {isa = PBXFileReference; fileEncoding = 4; lastKnownFileType = sourcecode.c.h; path = "NSObject+SBJSON.h"; sourceTree = "<group>"; };
		665E0FBA11D4B9540096AD3B /* NSObject+SBJSON.m */ = {isa = PBXFileReference; fileEncoding = 4; lastKnownFileType = sourcecode.c.objc; path = "NSObject+SBJSON.m"; sourceTree = "<group>"; };
		665E0FBB11D4B9540096AD3B /* NSString+SBJSON.h */ = {isa = PBXFileReference; fileEncoding = 4; lastKnownFileType = sourcecode.c.h; path = "NSString+SBJSON.h"; sourceTree = "<group>"; };
		665E0FBC11D4B9540096AD3B /* NSString+SBJSON.m */ = {isa = PBXFileReference; fileEncoding = 4; lastKnownFileType = sourcecode.c.objc; path = "NSString+SBJSON.m"; sourceTree = "<group>"; };
		665E0FBD11D4B9540096AD3B /* SBJSON.h */ = {isa = PBXFileReference; fileEncoding = 4; lastKnownFileType = sourcecode.c.h; path = SBJSON.h; sourceTree = "<group>"; };
		665E0FBE11D4B9540096AD3B /* SBJSON.m */ = {isa = PBXFileReference; fileEncoding = 4; lastKnownFileType = sourcecode.c.objc; path = SBJSON.m; sourceTree = "<group>"; };
		665E0FBF11D4B9540096AD3B /* SBJsonBase.h */ = {isa = PBXFileReference; fileEncoding = 4; lastKnownFileType = sourcecode.c.h; path = SBJsonBase.h; sourceTree = "<group>"; };
		665E0FC011D4B9540096AD3B /* SBJsonBase.m */ = {isa = PBXFileReference; fileEncoding = 4; lastKnownFileType = sourcecode.c.objc; path = SBJsonBase.m; sourceTree = "<group>"; };
		665E0FC111D4B9540096AD3B /* SBJsonParser.h */ = {isa = PBXFileReference; fileEncoding = 4; lastKnownFileType = sourcecode.c.h; path = SBJsonParser.h; sourceTree = "<group>"; };
		665E0FC211D4B9540096AD3B /* SBJsonParser.m */ = {isa = PBXFileReference; fileEncoding = 4; lastKnownFileType = sourcecode.c.objc; path = SBJsonParser.m; sourceTree = "<group>"; };
		665E0FC311D4B9540096AD3B /* SBJsonWriter.h */ = {isa = PBXFileReference; fileEncoding = 4; lastKnownFileType = sourcecode.c.h; path = SBJsonWriter.h; sourceTree = "<group>"; };
		665E0FC411D4B9540096AD3B /* SBJsonWriter.m */ = {isa = PBXFileReference; fileEncoding = 4; lastKnownFileType = sourcecode.c.objc; path = SBJsonWriter.m; sourceTree = "<group>"; };
		665E0FC611D4B9540096AD3B /* DDXML.h */ = {isa = PBXFileReference; fileEncoding = 4; lastKnownFileType = sourcecode.c.h; path = DDXML.h; sourceTree = "<group>"; };
		665E0FC711D4B9540096AD3B /* DDXMLDocument.h */ = {isa = PBXFileReference; fileEncoding = 4; lastKnownFileType = sourcecode.c.h; path = DDXMLDocument.h; sourceTree = "<group>"; };
		665E0FC811D4B9540096AD3B /* DDXMLDocument.m */ = {isa = PBXFileReference; fileEncoding = 4; lastKnownFileType = sourcecode.c.objc; path = DDXMLDocument.m; sourceTree = "<group>"; };
		665E0FC911D4B9540096AD3B /* DDXMLElement.h */ = {isa = PBXFileReference; fileEncoding = 4; lastKnownFileType = sourcecode.c.h; path = DDXMLElement.h; sourceTree = "<group>"; };
		665E0FCA11D4B9540096AD3B /* DDXMLElement.m */ = {isa = PBXFileReference; fileEncoding = 4; lastKnownFileType = sourcecode.c.objc; path = DDXMLElement.m; sourceTree = "<group>"; };
		665E0FCB11D4B9540096AD3B /* DDXMLElementAdditions.h */ = {isa = PBXFileReference; fileEncoding = 4; lastKnownFileType = sourcecode.c.h; path = DDXMLElementAdditions.h; sourceTree = "<group>"; };
		665E0FCC11D4B9540096AD3B /* DDXMLElementAdditions.m */ = {isa = PBXFileReference; fileEncoding = 4; lastKnownFileType = sourcecode.c.objc; path = DDXMLElementAdditions.m; sourceTree = "<group>"; };
		665E0FCD11D4B9540096AD3B /* DDXMLNode.h */ = {isa = PBXFileReference; fileEncoding = 4; lastKnownFileType = sourcecode.c.h; path = DDXMLNode.h; sourceTree = "<group>"; };
		665E0FCE11D4B9540096AD3B /* DDXMLNode.m */ = {isa = PBXFileReference; fileEncoding = 4; lastKnownFileType = sourcecode.c.objc; path = DDXMLNode.m; sourceTree = "<group>"; };
		665E0FCF11D4B9540096AD3B /* DDXMLPrivate.h */ = {isa = PBXFileReference; fileEncoding = 4; lastKnownFileType = sourcecode.c.h; path = DDXMLPrivate.h; sourceTree = "<group>"; };
		665E0FD011D4B9540096AD3B /* NSStringAdditions.h */ = {isa = PBXFileReference; fileEncoding = 4; lastKnownFileType = sourcecode.c.h; path = NSStringAdditions.h; sourceTree = "<group>"; };
		665E0FD111D4B9540096AD3B /* NSStringAdditions.m */ = {isa = PBXFileReference; fileEncoding = 4; lastKnownFileType = sourcecode.c.objc; path = NSStringAdditions.m; sourceTree = "<group>"; };
		665E103911D4C4250096AD3B /* GoogleHealth.h */ = {isa = PBXFileReference; fileEncoding = 4; lastKnownFileType = sourcecode.c.h; path = GoogleHealth.h; sourceTree = "<group>"; };
		665E103A11D4C4250096AD3B /* GoogleHealth.m */ = {isa = PBXFileReference; fileEncoding = 4; lastKnownFileType = sourcecode.c.objc; path = GoogleHealth.m; sourceTree = "<group>"; };
		665E133C11D598EE0096AD3B /* Medication.h */ = {isa = PBXFileReference; fileEncoding = 4; lastKnownFileType = sourcecode.c.h; path = Medication.h; sourceTree = "<group>"; };
		665E133D11D598EE0096AD3B /* Medication.m */ = {isa = PBXFileReference; fileEncoding = 4; lastKnownFileType = sourcecode.c.objc; path = Medication.m; sourceTree = "<group>"; };
		665E13A711D5A17A0096AD3B /* default-43x43.png */ = {isa = PBXFileReference; lastKnownFileType = image.png; path = "default-43x43.png"; sourceTree = "<group>"; };
		66E29F6311D5C001007B8EC7 /* Security.framework */ = {isa = PBXFileReference; lastKnownFileType = wrapper.framework; name = Security.framework; path = System/Library/Frameworks/Security.framework; sourceTree = SDKROOT; };
		66E29F6511D5C001007B8EC7 /* SystemConfiguration.framework */ = {isa = PBXFileReference; lastKnownFileType = wrapper.framework; name = SystemConfiguration.framework; path = System/Library/Frameworks/SystemConfiguration.framework; sourceTree = SDKROOT; };
		66E2A24011E080AA007B8EC7 /* sample_glucose.xml */ = {isa = PBXFileReference; fileEncoding = 4; lastKnownFileType = text.xml; name = sample_glucose.xml; path = Data/sample_glucose.xml; sourceTree = "<group>"; };
		66E2A28611E26230007B8EC7 /* CorePlot-CocoaTouch.xcodeproj */ = {isa = PBXFileReference; lastKnownFileType = "wrapper.pb-project"; name = "CorePlot-CocoaTouch.xcodeproj"; path = "../CorePlot/Source/framework/CorePlot-CocoaTouch.xcodeproj"; sourceTree = SOURCE_ROOT; };
		66E2A29611E26372007B8EC7 /* QuartzCore.framework */ = {isa = PBXFileReference; lastKnownFileType = wrapper.framework; name = QuartzCore.framework; path = System/Library/Frameworks/QuartzCore.framework; sourceTree = SDKROOT; };
		66E2A2B511E29EE3007B8EC7 /* LoginAlertView.h */ = {isa = PBXFileReference; fileEncoding = 4; lastKnownFileType = sourcecode.c.h; path = LoginAlertView.h; sourceTree = "<group>"; };
		66E2A2B611E29EE3007B8EC7 /* LoginAlertView.m */ = {isa = PBXFileReference; fileEncoding = 4; lastKnownFileType = sourcecode.c.objc; path = LoginAlertView.m; sourceTree = "<group>"; };
		66EB64CD12759DB0004F2A91 /* Entitlements.plist */ = {isa = PBXFileReference; fileEncoding = 4; lastKnownFileType = text.plist.xml; path = Entitlements.plist; sourceTree = "<group>"; };
		8D1107310486CEB800E47090 /* Health_Hacker-Info.plist */ = {isa = PBXFileReference; fileEncoding = 4; lastKnownFileType = text.plist.xml; path = "Health_Hacker-Info.plist"; plistStructureDefinitionIdentifier = "com.apple.xcode.plist.structure-definition.iphone.info-plist"; sourceTree = "<group>"; };
/* End PBXFileReference section */

/* Begin PBXFrameworksBuildPhase section */
		1D60588F0D05DD3D006BFB54 /* Frameworks */ = {
			isa = PBXFrameworksBuildPhase;
			buildActionMask = 2147483647;
			files = (
				1D60589F0D05DD5A006BFB54 /* Foundation.framework in Frameworks */,
				1DF5F4E00D08C38300B7A737 /* UIKit.framework in Frameworks */,
				2892E4100DC94CBA00A64D0F /* CoreGraphics.framework in Frameworks */,
				28860BE50F44EE6400985440 /* CoreData.framework in Frameworks */,
				66E29F6411D5C001007B8EC7 /* Security.framework in Frameworks */,
				66E29F6611D5C001007B8EC7 /* SystemConfiguration.framework in Frameworks */,
				66E2A29711E26372007B8EC7 /* QuartzCore.framework in Frameworks */,
				66203ACE12D1DF33007DF1BE /* AudioToolbox.framework in Frameworks */,
			);
			runOnlyForDeploymentPostprocessing = 0;
		};
/* End PBXFrameworksBuildPhase section */

/* Begin PBXGroup section */
		080E96DDFE201D6D7F000001 /* Classes */ = {
			isa = PBXGroup;
			children = (
				665E103811D4C3FF0096AD3B /* Models */,
				665E0F9411D4B9530096AD3B /* HTTPRiot */,
				665E0FB011D4B9530096AD3B /* Vendor */,
				28C286DF0D94DF7D0034E888 /* MedicationViewController.h */,
				28C286E00D94DF7D0034E888 /* MedicationViewController.m */,
				1D3623240D0F684500981E51 /* Health_HackerAppDelegate.h */,
				1D3623250D0F684500981E51 /* Health_HackerAppDelegate.m */,
				66E2A2B511E29EE3007B8EC7 /* LoginAlertView.h */,
				66E2A2B611E29EE3007B8EC7 /* LoginAlertView.m */,
			);
			path = Classes;
			sourceTree = "<group>";
		};
		19C28FACFE9D520D11CA2CBB /* Products */ = {
			isa = PBXGroup;
			children = (
				1D6058910D05DD3D006BFB54 /* Health Hacker.app */,
			);
			name = Products;
			sourceTree = "<group>";
		};
		29B97314FDCFA39411CA2CEA /* CustomTemplate */ = {
			isa = PBXGroup;
			children = (
				66EB64CD12759DB0004F2A91 /* Entitlements.plist */,
				66E2A23F11E0806C007B8EC7 /* Data */,
				080E96DDFE201D6D7F000001 /* Classes */,
				29B97315FDCFA39411CA2CEA /* Other Sources */,
				29B97317FDCFA39411CA2CEA /* Resources */,
				29B97323FDCFA39411CA2CEA /* Frameworks */,
				19C28FACFE9D520D11CA2CBB /* Products */,
				66E2A29611E26372007B8EC7 /* QuartzCore.framework */,
			);
			name = CustomTemplate;
			sourceTree = "<group>";
		};
		29B97315FDCFA39411CA2CEA /* Other Sources */ = {
			isa = PBXGroup;
			children = (
				28A0AAE50D9B0CCF005BE974 /* Health_Hacker_Prefix.pch */,
				29B97316FDCFA39411CA2CEA /* main.m */,
			);
			name = "Other Sources";
			sourceTree = "<group>";
		};
		29B97317FDCFA39411CA2CEA /* Resources */ = {
			isa = PBXGroup;
			children = (
				66203C4212D1F164007DF1BE /* 79-medical-bag@2x.png */,
				66203C4312D1F164007DF1BE /* 94-pill@2x.png */,
				66203C4412D1F164007DF1BE /* 125-food@2x.png */,
				66203B1B12D1E93C007DF1BE /* 79-medical-bag.png */,
				66203B1C12D1E93C007DF1BE /* 125-food.png */,
				66203B1912D1E8A7007DF1BE /* 94-pill.png */,
				66203AE812D1E0B6007DF1BE /* PullToReload.bundle */,
				665E13A711D5A17A0096AD3B /* default-43x43.png */,
				28D3F201112F7DC200FD0661 /* Health_Hacker.xcdatamodeld */,
				28AD735F0D9D9599002E5188 /* MainWindow.xib */,
				8D1107310486CEB800E47090 /* Health_Hacker-Info.plist */,
			);
			name = Resources;
			sourceTree = "<group>";
		};
		29B97323FDCFA39411CA2CEA /* Frameworks */ = {
			isa = PBXGroup;
			children = (
				66E2A28611E26230007B8EC7 /* CorePlot-CocoaTouch.xcodeproj */,
				66E29F6511D5C001007B8EC7 /* SystemConfiguration.framework */,
				66E29F6311D5C001007B8EC7 /* Security.framework */,
				1DF5F4DF0D08C38300B7A737 /* UIKit.framework */,
				1D30AB110D05D00D00671497 /* Foundation.framework */,
				2892E40F0DC94CBA00A64D0F /* CoreGraphics.framework */,
				28860BE40F44EE6400985440 /* CoreData.framework */,
				66203ACD12D1DF33007DF1BE /* AudioToolbox.framework */,
			);
			name = Frameworks;
			sourceTree = "<group>";
		};
		6603A9EF12D091DE0028FF85 /* Health */ = {
			isa = PBXGroup;
			children = (
				66203B2212D1EB0C007DF1BE /* GDataEntryHealthProfile.h */,
				66203B2312D1EB0C007DF1BE /* GDataEntryHealthProfile.m */,
				66203B2412D1EB0C007DF1BE /* GDataEntryHealthRegister.h */,
				66203B2512D1EB0C007DF1BE /* GDataEntryHealthRegister.m */,
				66203B2612D1EB0C007DF1BE /* GDataFeedHealthProfile.h */,
				66203B2712D1EB0C007DF1BE /* GDataFeedHealthProfile.m */,
				66203B2812D1EB0C007DF1BE /* GDataFeedHealthRegister.h */,
				66203B2912D1EB0C007DF1BE /* GDataFeedHealthRegister.m */,
				66203B2A12D1EB0C007DF1BE /* GDataHealth.h */,
				66203B2B12D1EB0C007DF1BE /* GDataHealthConstants.h */,
				66203B2C12D1EB0C007DF1BE /* GDataHealthConstants.m */,
				66203B2D12D1EB0C007DF1BE /* GDataHealthElements.h */,
				66203B2E12D1EB0C007DF1BE /* GDataHealthElements.m */,
				66203B2F12D1EB0C007DF1BE /* GDataQueryGoogleHealth.h */,
				66203B3012D1EB0C007DF1BE /* GDataQueryGoogleHealth.m */,
				66203B3112D1EB0C007DF1BE /* GDataServiceGoogleHealth.h */,
				66203B3212D1EB0C007DF1BE /* GDataServiceGoogleHealth.m */,
			);
			name = Health;
			path = Classes/Vendor/Health;
			sourceTree = SOURCE_ROOT;
		};
		66203B9612D1ECFA007DF1BE /* BaseClasses */ = {
			isa = PBXGroup;
			children = (
				66203B9712D1ECFA007DF1BE /* GDataEntryBase.h */,
				66203B9812D1ECFA007DF1BE /* GDataEntryBase.m */,
				66203B9912D1ECFA007DF1BE /* GDataFeedBase.h */,
				66203B9A12D1ECFA007DF1BE /* GDataFeedBase.m */,
				66203B9B12D1ECFA007DF1BE /* GDataObject.h */,
				66203B9C12D1ECFA007DF1BE /* GDataObject.m */,
				66203B9D12D1ECFA007DF1BE /* GDataQuery.h */,
				66203B9E12D1ECFA007DF1BE /* GDataQuery.m */,
				66203B9F12D1ECFA007DF1BE /* GDataServiceBase.h */,
				66203BA012D1ECFA007DF1BE /* GDataServiceBase.m */,
				66203BA112D1ECFA007DF1BE /* GDataServiceGoogle.h */,
				66203BA212D1ECFA007DF1BE /* GDataServiceGoogle.m */,
			);
			path = BaseClasses;
			sourceTree = "<group>";
		};
		66203BA312D1ECFA007DF1BE /* Elements */ = {
			isa = PBXGroup;
			children = (
				66203BA412D1ECFA007DF1BE /* GDataAtomPubControl.h */,
				66203BA512D1ECFA007DF1BE /* GDataAtomPubControl.m */,
				66203BA612D1ECFA007DF1BE /* GDataBaseElements.h */,
				66203BA712D1ECFA007DF1BE /* GDataBaseElements.m */,
				66203BA812D1ECFA007DF1BE /* GDataBatchID.h */,
				66203BA912D1ECFA007DF1BE /* GDataBatchID.m */,
				66203BAA12D1ECFA007DF1BE /* GDataBatchInterrupted.h */,
				66203BAB12D1ECFA007DF1BE /* GDataBatchInterrupted.m */,
				66203BAC12D1ECFA007DF1BE /* GDataBatchOperation.h */,
				66203BAD12D1ECFA007DF1BE /* GDataBatchOperation.m */,
				66203BAE12D1ECFA007DF1BE /* GDataBatchStatus.h */,
				66203BAF12D1ECFA007DF1BE /* GDataBatchStatus.m */,
				66203BB012D1ECFA007DF1BE /* GDataCategory.h */,
				66203BB112D1ECFA007DF1BE /* GDataCategory.m */,
				66203BB212D1ECFA007DF1BE /* GDataComment.h */,
				66203BB312D1ECFA007DF1BE /* GDataComment.m */,
				66203BB412D1ECFA007DF1BE /* GDataCustomProperty.h */,
				66203BB512D1ECFA007DF1BE /* GDataCustomProperty.m */,
				66203BB612D1ECFA007DF1BE /* GDataDateTime.h */,
				66203BB712D1ECFA007DF1BE /* GDataDateTime.m */,
				66203BB812D1ECFA007DF1BE /* GDataDeleted.h */,
				66203BB912D1ECFA007DF1BE /* GDataDeleted.m */,
				66203BBA12D1ECFA007DF1BE /* GDataDocumentElements.h */,
				66203BBB12D1ECFA007DF1BE /* GDataDocumentElements.m */,
				66203BBC12D1ECFA007DF1BE /* GDataElements.h */,
				66203BBD12D1ECFA007DF1BE /* GDataEmail.h */,
				66203BBE12D1ECFA007DF1BE /* GDataEmail.m */,
				66203BBF12D1ECFA007DF1BE /* GDataEntryContent.h */,
				66203BC012D1ECFA007DF1BE /* GDataEntryContent.m */,
				66203BC112D1ECFA007DF1BE /* GDataEntryLink.h */,
				66203BC212D1ECFA007DF1BE /* GDataEntryLink.m */,
				66203BC312D1ECFA007DF1BE /* GDataExtendedProperty.h */,
				66203BC412D1ECFA007DF1BE /* GDataExtendedProperty.m */,
				66203BC512D1ECFA007DF1BE /* GDataFeedLink.h */,
				66203BC612D1ECFA007DF1BE /* GDataFeedLink.m */,
				66203BC712D1ECFA007DF1BE /* GDataGenerator.h */,
				66203BC812D1ECFA007DF1BE /* GDataGenerator.m */,
				66203BC912D1ECFA007DF1BE /* GDataGeoPt.h */,
				66203BCA12D1ECFA007DF1BE /* GDataGeoPt.m */,
				66203BCB12D1ECFA007DF1BE /* GDataIM.h */,
				66203BCC12D1ECFA007DF1BE /* GDataIM.m */,
				66203BCD12D1ECFA007DF1BE /* GDataLink.h */,
				66203BCE12D1ECFA007DF1BE /* GDataLink.m */,
				66203BCF12D1ECFA007DF1BE /* GDataMoney.h */,
				66203BD012D1ECFA007DF1BE /* GDataMoney.m */,
				66203BD112D1ECFA007DF1BE /* GDataName.h */,
				66203BD212D1ECFA007DF1BE /* GDataName.m */,
				66203BD312D1ECFA007DF1BE /* GDataOrganization.h */,
				66203BD412D1ECFA007DF1BE /* GDataOrganization.m */,
				66203BD512D1ECFA007DF1BE /* GDataOrganizationName.h */,
				66203BD612D1ECFA007DF1BE /* GDataOrganizationName.m */,
				66203BD712D1ECFA007DF1BE /* GDataPerson.h */,
				66203BD812D1ECFA007DF1BE /* GDataPerson.m */,
				66203BD912D1ECFA007DF1BE /* GDataPhoneNumber.h */,
				66203BDA12D1ECFA007DF1BE /* GDataPhoneNumber.m */,
				66203BDB12D1ECFA007DF1BE /* GDataPostalAddress.h */,
				66203BDC12D1ECFA007DF1BE /* GDataPostalAddress.m */,
				66203BDD12D1ECFA007DF1BE /* GDataRating.h */,
				66203BDE12D1ECFA007DF1BE /* GDataRating.m */,
				66203BDF12D1ECFA007DF1BE /* GDataStructuredPostalAddress.h */,
				66203BE012D1ECFA007DF1BE /* GDataStructuredPostalAddress.m */,
				66203BE112D1ECFA007DF1BE /* GDataTextConstruct.h */,
				66203BE212D1ECFA007DF1BE /* GDataTextConstruct.m */,
				66203BE312D1ECFA007DF1BE /* GDataValueConstruct.h */,
				66203BE412D1ECFA007DF1BE /* GDataValueConstruct.m */,
				66203BE512D1ECFA007DF1BE /* GDataWhen.h */,
				66203BE612D1ECFA007DF1BE /* GDataWhen.m */,
				66203BE712D1ECFA007DF1BE /* GDataWhere.h */,
				66203BE812D1ECFA007DF1BE /* GDataWhere.m */,
				66203BE912D1ECFA007DF1BE /* GDataWho.h */,
				66203BEA12D1ECFA007DF1BE /* GDataWho.m */,
			);
			path = Elements;
			sourceTree = "<group>";
		};
		66203BF212D1ECFA007DF1BE /* Networking */ = {
			isa = PBXGroup;
			children = (
				66203BF312D1ECFA007DF1BE /* GDataAuthenticationFetcher.h */,
				66203BF412D1ECFA007DF1BE /* GDataAuthenticationFetcher.m */,
				66203BF512D1ECFA007DF1BE /* GDataGatherInputStream.h */,
				66203BF612D1ECFA007DF1BE /* GDataGatherInputStream.m */,
				66203BF712D1ECFA007DF1BE /* GDataHTTPFetcher.h */,
				66203BF812D1ECFA007DF1BE /* GDataHTTPFetcher.m */,
				66203BF912D1ECFA007DF1BE /* GDataHTTPFetcherLogging.h */,
				66203BFA12D1ECFA007DF1BE /* GDataHTTPFetcherLogging.m */,
				66203BFB12D1ECFA007DF1BE /* GDataHTTPUploadFetcher.h */,
				66203BFC12D1ECFA007DF1BE /* GDataHTTPUploadFetcher.m */,
				66203BFD12D1ECFA007DF1BE /* GDataMIMEDocument.h */,
				66203BFE12D1ECFA007DF1BE /* GDataMIMEDocument.m */,
				66203BFF12D1ECFA007DF1BE /* GDataProgressMonitorInputStream.h */,
				66203C0012D1ECFA007DF1BE /* GDataProgressMonitorInputStream.m */,
				66203C0112D1ECFA007DF1BE /* GDataServerError.h */,
				66203C0212D1ECFA007DF1BE /* GDataServerError.m */,
			);
			path = Networking;
			sourceTree = "<group>";
		};
		66203C0312D1ECFA007DF1BE /* XMLSupport */ = {
			isa = PBXGroup;
			children = (
				66203C0412D1ECFA007DF1BE /* GDataXMLNode.h */,
				66203C0512D1ECFA007DF1BE /* GDataXMLNode.m */,
			);
			path = XMLSupport;
			sourceTree = "<group>";
		};
		665E0F9411D4B9530096AD3B /* HTTPRiot */ = {
			isa = PBXGroup;
			children = (
				665E0F9511D4B9530096AD3B /* Extensions */,
				665E0F9C11D4B9530096AD3B /* Formatters */,
				665E0FA211D4B9530096AD3B /* HRGlobal.h */,
				665E0FA311D4B9530096AD3B /* HRGlobal.m */,
				665E0FA411D4B9530096AD3B /* HROperationQueue.h */,
				665E0FA511D4B9530096AD3B /* HROperationQueue.m */,
				665E0FA611D4B9530096AD3B /* HRRequestOperation.h */,
				665E0FA711D4B9530096AD3B /* HRRequestOperation.m */,
				665E0FA811D4B9530096AD3B /* HRResponseDelegate.h */,
				665E0FA911D4B9530096AD3B /* HRRestModel.h */,
				665E0FAA11D4B9530096AD3B /* HRRestModel.m */,
				665E0FAB11D4B9530096AD3B /* HTTPRiot.h */,
				665E0FAC11D4B9530096AD3B /* HTTPRiot_Prefix.pch */,
				665E0FAD11D4B9530096AD3B /* Utilities */,
			);
			path = HTTPRiot;
			sourceTree = "<group>";
		};
		665E0F9511D4B9530096AD3B /* Extensions */ = {
			isa = PBXGroup;
			children = (
				665E0F9611D4B9530096AD3B /* NSDictionary+ParamUtils.h */,
				665E0F9711D4B9530096AD3B /* NSDictionary+ParamUtils.m */,
				665E0F9811D4B9530096AD3B /* NSObject+InvocationUtils.h */,
				665E0F9911D4B9530096AD3B /* NSObject+InvocationUtils.m */,
				665E0F9A11D4B9530096AD3B /* NSString+EscapingUtils.h */,
				665E0F9B11D4B9530096AD3B /* NSString+EscapingUtils.m */,
			);
			path = Extensions;
			sourceTree = "<group>";
		};
		665E0F9C11D4B9530096AD3B /* Formatters */ = {
			isa = PBXGroup;
			children = (
				665E0F9D11D4B9530096AD3B /* HRFormatJSON.h */,
				665E0F9E11D4B9530096AD3B /* HRFormatJSON.m */,
				665E0F9F11D4B9530096AD3B /* HRFormatterProtocol.h */,
				665E0FA011D4B9530096AD3B /* HRFormatXML.h */,
				665E0FA111D4B9530096AD3B /* HRFormatXML.m */,
			);
			path = Formatters;
			sourceTree = "<group>";
		};
		665E0FAD11D4B9530096AD3B /* Utilities */ = {
			isa = PBXGroup;
			children = (
				665E0FAE11D4B9530096AD3B /* HRBase64.h */,
				665E0FAF11D4B9530096AD3B /* HRBase64.m */,
			);
			path = Utilities;
			sourceTree = "<group>";
		};
		665E0FB011D4B9530096AD3B /* Vendor */ = {
			isa = PBXGroup;
			children = (
				66203B9612D1ECFA007DF1BE /* BaseClasses */,
				66203BA312D1ECFA007DF1BE /* Elements */,
				66203BEB12D1ECFA007DF1BE /* GData.h */,
				66203BEC12D1ECFA007DF1BE /* GDataDefines.h */,
				66203BED12D1ECFA007DF1BE /* GDataFramework.h */,
				66203BEE12D1ECFA007DF1BE /* GDataFramework.m */,
				66203BEF12D1ECFA007DF1BE /* GDataTargetNamespace.h */,
				66203BF012D1ECFA007DF1BE /* GDataUtilities.h */,
				66203BF112D1ECFA007DF1BE /* GDataUtilities.m */,
				66203BF212D1ECFA007DF1BE /* Networking */,
				66203C0312D1ECFA007DF1BE /* XMLSupport */,
				66203AAC12D1DEA0007DF1BE /* UIPullToReloadHeaderView.h */,
				66203AAD12D1DEA0007DF1BE /* UIPullToReloadHeaderView.m */,
				66203AAE12D1DEA0007DF1BE /* UIPullToReloadTableViewController.h */,
				66203AAF12D1DEA0007DF1BE /* UIPullToReloadTableViewController.m */,
				6603A9EF12D091DE0028FF85 /* Health */,
				665E0FB111D4B9530096AD3B /* AIXMLSerialization */,
				665E0FB711D4B9540096AD3B /* JSON */,
				665E0FC511D4B9540096AD3B /* KissXML */,
			);
			path = Vendor;
			sourceTree = "<group>";
		};
		665E0FB111D4B9530096AD3B /* AIXMLSerialization */ = {
			isa = PBXGroup;
			children = (
				665E0FB211D4B9530096AD3B /* AIXMLDocumentSerialize.h */,
				665E0FB311D4B9530096AD3B /* AIXMLDocumentSerialize.m */,
				665E0FB411D4B9530096AD3B /* AIXMLElementSerialize.h */,
				665E0FB511D4B9540096AD3B /* AIXMLElementSerialize.m */,
				665E0FB611D4B9540096AD3B /* AIXMLSerialization.h */,
			);
			path = AIXMLSerialization;
			sourceTree = "<group>";
		};
		665E0FB711D4B9540096AD3B /* JSON */ = {
			isa = PBXGroup;
			children = (
				665E0FB811D4B9540096AD3B /* JSON.h */,
				665E0FB911D4B9540096AD3B /* NSObject+SBJSON.h */,
				665E0FBA11D4B9540096AD3B /* NSObject+SBJSON.m */,
				665E0FBB11D4B9540096AD3B /* NSString+SBJSON.h */,
				665E0FBC11D4B9540096AD3B /* NSString+SBJSON.m */,
				665E0FBD11D4B9540096AD3B /* SBJSON.h */,
				665E0FBE11D4B9540096AD3B /* SBJSON.m */,
				665E0FBF11D4B9540096AD3B /* SBJsonBase.h */,
				665E0FC011D4B9540096AD3B /* SBJsonBase.m */,
				665E0FC111D4B9540096AD3B /* SBJsonParser.h */,
				665E0FC211D4B9540096AD3B /* SBJsonParser.m */,
				665E0FC311D4B9540096AD3B /* SBJsonWriter.h */,
				665E0FC411D4B9540096AD3B /* SBJsonWriter.m */,
			);
			path = JSON;
			sourceTree = "<group>";
		};
		665E0FC511D4B9540096AD3B /* KissXML */ = {
			isa = PBXGroup;
			children = (
				665E0FC611D4B9540096AD3B /* DDXML.h */,
				665E0FC711D4B9540096AD3B /* DDXMLDocument.h */,
				665E0FC811D4B9540096AD3B /* DDXMLDocument.m */,
				665E0FC911D4B9540096AD3B /* DDXMLElement.h */,
				665E0FCA11D4B9540096AD3B /* DDXMLElement.m */,
				665E0FCB11D4B9540096AD3B /* DDXMLElementAdditions.h */,
				665E0FCC11D4B9540096AD3B /* DDXMLElementAdditions.m */,
				665E0FCD11D4B9540096AD3B /* DDXMLNode.h */,
				665E0FCE11D4B9540096AD3B /* DDXMLNode.m */,
				665E0FCF11D4B9540096AD3B /* DDXMLPrivate.h */,
				665E0FD011D4B9540096AD3B /* NSStringAdditions.h */,
				665E0FD111D4B9540096AD3B /* NSStringAdditions.m */,
			);
			path = KissXML;
			sourceTree = "<group>";
		};
		665E103811D4C3FF0096AD3B /* Models */ = {
			isa = PBXGroup;
			children = (
				665E133C11D598EE0096AD3B /* Medication.h */,
				665E133D11D598EE0096AD3B /* Medication.m */,
				665E103911D4C4250096AD3B /* GoogleHealth.h */,
				665E103A11D4C4250096AD3B /* GoogleHealth.m */,
				6603A78912D0754F0028FF85 /* UserInfo.h */,
				6603A78A12D0754F0028FF85 /* UserInfo.m */,
			);
			name = Models;
			sourceTree = "<group>";
		};
		66E2A23F11E0806C007B8EC7 /* Data */ = {
			isa = PBXGroup;
			children = (
				66E2A24011E080AA007B8EC7 /* sample_glucose.xml */,
			);
			name = Data;
			sourceTree = "<group>";
		};
		66E2A28711E26230007B8EC7 /* Products */ = {
			isa = PBXGroup;
			children = (
				66E2A29011E26231007B8EC7 /* libCorePlot-CocoaTouch.a */,
			);
			name = Products;
			sourceTree = "<group>";
		};
/* End PBXGroup section */

/* Begin PBXNativeTarget section */
		1D6058900D05DD3D006BFB54 /* Health Hacker */ = {
			isa = PBXNativeTarget;
			buildConfigurationList = 1D6058960D05DD3E006BFB54 /* Build configuration list for PBXNativeTarget "Health Hacker" */;
			buildPhases = (
				1D60588D0D05DD3D006BFB54 /* Resources */,
				1D60588E0D05DD3D006BFB54 /* Sources */,
				1D60588F0D05DD3D006BFB54 /* Frameworks */,
			);
			buildRules = (
			);
			dependencies = (
				66E2A29211E26267007B8EC7 /* PBXTargetDependency */,
			);
			name = "Health Hacker";
			productName = "Health Hacker";
			productReference = 1D6058910D05DD3D006BFB54 /* Health Hacker.app */;
			productType = "com.apple.product-type.application";
		};
/* End PBXNativeTarget section */

/* Begin PBXProject section */
		29B97313FDCFA39411CA2CEA /* Project object */ = {
			isa = PBXProject;
			buildConfigurationList = C01FCF4E08A954540054247B /* Build configuration list for PBXProject "Health Hacker" */;
			compatibilityVersion = "Xcode 3.2";
			developmentRegion = English;
			hasScannedForEncodings = 1;
			knownRegions = (
				English,
				Japanese,
				French,
				German,
				en,
			);
			mainGroup = 29B97314FDCFA39411CA2CEA /* CustomTemplate */;
			projectDirPath = "";
			projectReferences = (
				{
					ProductGroup = 66E2A28711E26230007B8EC7 /* Products */;
					ProjectRef = 66E2A28611E26230007B8EC7 /* CorePlot-CocoaTouch.xcodeproj */;
				},
			);
			projectRoot = "";
			targets = (
				1D6058900D05DD3D006BFB54 /* Health Hacker */,
			);
		};
/* End PBXProject section */

/* Begin PBXReferenceProxy section */
		66E2A29011E26231007B8EC7 /* libCorePlot-CocoaTouch.a */ = {
			isa = PBXReferenceProxy;
			fileType = archive.ar;
			path = "libCorePlot-CocoaTouch.a";
			remoteRef = 66E2A28F11E26231007B8EC7 /* PBXContainerItemProxy */;
			sourceTree = BUILT_PRODUCTS_DIR;
		};
/* End PBXReferenceProxy section */

/* Begin PBXResourcesBuildPhase section */
		1D60588D0D05DD3D006BFB54 /* Resources */ = {
			isa = PBXResourcesBuildPhase;
			buildActionMask = 2147483647;
			files = (
				28AD73600D9D9599002E5188 /* MainWindow.xib in Resources */,
				665E13A811D5A17A0096AD3B /* default-43x43.png in Resources */,
				66E2A24111E080AA007B8EC7 /* sample_glucose.xml in Resources */,
				66EB64CE12759DB0004F2A91 /* Entitlements.plist in Resources */,
				66203AE912D1E0B6007DF1BE /* PullToReload.bundle in Resources */,
				66203B1A12D1E8A7007DF1BE /* 94-pill.png in Resources */,
				66203B1D12D1E93C007DF1BE /* 79-medical-bag.png in Resources */,
				66203B1E12D1E93C007DF1BE /* 125-food.png in Resources */,
				66203C4512D1F164007DF1BE /* 79-medical-bag@2x.png in Resources */,
				66203C4612D1F164007DF1BE /* 94-pill@2x.png in Resources */,
				66203C4712D1F164007DF1BE /* 125-food@2x.png in Resources */,
			);
			runOnlyForDeploymentPostprocessing = 0;
		};
/* End PBXResourcesBuildPhase section */

/* Begin PBXSourcesBuildPhase section */
		1D60588E0D05DD3D006BFB54 /* Sources */ = {
			isa = PBXSourcesBuildPhase;
			buildActionMask = 2147483647;
			files = (
				1D60589B0D05DD56006BFB54 /* main.m in Sources */,
				1D3623260D0F684500981E51 /* Health_HackerAppDelegate.m in Sources */,
				28C286E10D94DF7D0034E888 /* MedicationViewController.m in Sources */,
				28D3F202112F7DC200FD0661 /* Health_Hacker.xcdatamodeld in Sources */,
				665E0FD211D4B9540096AD3B /* NSDictionary+ParamUtils.m in Sources */,
				665E0FD311D4B9540096AD3B /* NSObject+InvocationUtils.m in Sources */,
				665E0FD411D4B9540096AD3B /* NSString+EscapingUtils.m in Sources */,
				665E0FD511D4B9540096AD3B /* HRFormatJSON.m in Sources */,
				665E0FD611D4B9540096AD3B /* HRFormatXML.m in Sources */,
				665E0FD711D4B9540096AD3B /* HRGlobal.m in Sources */,
				665E0FD811D4B9540096AD3B /* HROperationQueue.m in Sources */,
				665E0FD911D4B9540096AD3B /* HRRequestOperation.m in Sources */,
				665E0FDA11D4B9540096AD3B /* HRRestModel.m in Sources */,
				665E0FDB11D4B9540096AD3B /* HRBase64.m in Sources */,
				665E0FDC11D4B9540096AD3B /* AIXMLDocumentSerialize.m in Sources */,
				665E0FDD11D4B9540096AD3B /* AIXMLElementSerialize.m in Sources */,
				665E0FDE11D4B9540096AD3B /* NSObject+SBJSON.m in Sources */,
				665E0FDF11D4B9540096AD3B /* NSString+SBJSON.m in Sources */,
				665E0FE011D4B9540096AD3B /* SBJSON.m in Sources */,
				665E0FE111D4B9540096AD3B /* SBJsonBase.m in Sources */,
				665E0FE211D4B9540096AD3B /* SBJsonParser.m in Sources */,
				665E0FE311D4B9540096AD3B /* SBJsonWriter.m in Sources */,
				665E0FE411D4B9540096AD3B /* DDXMLDocument.m in Sources */,
				665E0FE511D4B9540096AD3B /* DDXMLElement.m in Sources */,
				665E0FE611D4B9540096AD3B /* DDXMLElementAdditions.m in Sources */,
				665E0FE711D4B9540096AD3B /* DDXMLNode.m in Sources */,
				665E0FE811D4B9540096AD3B /* NSStringAdditions.m in Sources */,
				665E103B11D4C4250096AD3B /* GoogleHealth.m in Sources */,
				665E133E11D598EE0096AD3B /* Medication.m in Sources */,
				66E2A2B711E29EE3007B8EC7 /* LoginAlertView.m in Sources */,
				6603A78B12D0754F0028FF85 /* UserInfo.m in Sources */,
				66203AB012D1DEA0007DF1BE /* UIPullToReloadHeaderView.m in Sources */,
				66203AB112D1DEA0007DF1BE /* UIPullToReloadTableViewController.m in Sources */,
				66203B3312D1EB0C007DF1BE /* GDataEntryHealthProfile.m in Sources */,
				66203B3412D1EB0C007DF1BE /* GDataEntryHealthRegister.m in Sources */,
				66203B3512D1EB0C007DF1BE /* GDataFeedHealthProfile.m in Sources */,
				66203B3612D1EB0C007DF1BE /* GDataFeedHealthRegister.m in Sources */,
				66203B3712D1EB0C007DF1BE /* GDataHealthConstants.m in Sources */,
				66203B3812D1EB0C007DF1BE /* GDataHealthElements.m in Sources */,
				66203B3912D1EB0C007DF1BE /* GDataQueryGoogleHealth.m in Sources */,
				66203B3A12D1EB0C007DF1BE /* GDataServiceGoogleHealth.m in Sources */,
				66203C0612D1ECFA007DF1BE /* GDataEntryBase.m in Sources */,
				66203C0712D1ECFA007DF1BE /* GDataFeedBase.m in Sources */,
				66203C0812D1ECFA007DF1BE /* GDataObject.m in Sources */,
				66203C0912D1ECFA007DF1BE /* GDataQuery.m in Sources */,
				66203C0A12D1ECFA007DF1BE /* GDataServiceBase.m in Sources */,
				66203C0B12D1ECFA007DF1BE /* GDataServiceGoogle.m in Sources */,
				66203C0C12D1ECFA007DF1BE /* GDataAtomPubControl.m in Sources */,
				66203C0D12D1ECFA007DF1BE /* GDataBaseElements.m in Sources */,
				66203C0E12D1ECFA007DF1BE /* GDataBatchID.m in Sources */,
				66203C0F12D1ECFA007DF1BE /* GDataBatchInterrupted.m in Sources */,
				66203C1012D1ECFA007DF1BE /* GDataBatchOperation.m in Sources */,
				66203C1112D1ECFA007DF1BE /* GDataBatchStatus.m in Sources */,
				66203C1212D1ECFA007DF1BE /* GDataCategory.m in Sources */,
				66203C1312D1ECFA007DF1BE /* GDataComment.m in Sources */,
				66203C1412D1ECFA007DF1BE /* GDataCustomProperty.m in Sources */,
				66203C1512D1ECFA007DF1BE /* GDataDateTime.m in Sources */,
				66203C1612D1ECFA007DF1BE /* GDataDeleted.m in Sources */,
				66203C1712D1ECFA007DF1BE /* GDataDocumentElements.m in Sources */,
				66203C1812D1ECFA007DF1BE /* GDataEmail.m in Sources */,
				66203C1912D1ECFA007DF1BE /* GDataEntryContent.m in Sources */,
				66203C1A12D1ECFA007DF1BE /* GDataEntryLink.m in Sources */,
				66203C1B12D1ECFA007DF1BE /* GDataExtendedProperty.m in Sources */,
				66203C1C12D1ECFA007DF1BE /* GDataFeedLink.m in Sources */,
				66203C1D12D1ECFA007DF1BE /* GDataGenerator.m in Sources */,
				66203C1E12D1ECFA007DF1BE /* GDataGeoPt.m in Sources */,
				66203C1F12D1ECFA007DF1BE /* GDataIM.m in Sources */,
				66203C2012D1ECFA007DF1BE /* GDataLink.m in Sources */,
				66203C2112D1ECFA007DF1BE /* GDataMoney.m in Sources */,
				66203C2212D1ECFA007DF1BE /* GDataName.m in Sources */,
				66203C2312D1ECFA007DF1BE /* GDataOrganization.m in Sources */,
				66203C2412D1ECFA007DF1BE /* GDataOrganizationName.m in Sources */,
				66203C2512D1ECFA007DF1BE /* GDataPerson.m in Sources */,
				66203C2612D1ECFA007DF1BE /* GDataPhoneNumber.m in Sources */,
				66203C2712D1ECFA007DF1BE /* GDataPostalAddress.m in Sources */,
				66203C2812D1ECFA007DF1BE /* GDataRating.m in Sources */,
				66203C2912D1ECFA007DF1BE /* GDataStructuredPostalAddress.m in Sources */,
				66203C2A12D1ECFA007DF1BE /* GDataTextConstruct.m in Sources */,
				66203C2B12D1ECFA007DF1BE /* GDataValueConstruct.m in Sources */,
				66203C2C12D1ECFA007DF1BE /* GDataWhen.m in Sources */,
				66203C2D12D1ECFA007DF1BE /* GDataWhere.m in Sources */,
				66203C2E12D1ECFA007DF1BE /* GDataWho.m in Sources */,
				66203C2F12D1ECFA007DF1BE /* GDataFramework.m in Sources */,
				66203C3012D1ECFA007DF1BE /* GDataUtilities.m in Sources */,
				66203C3112D1ECFA007DF1BE /* GDataAuthenticationFetcher.m in Sources */,
				66203C3212D1ECFA007DF1BE /* GDataGatherInputStream.m in Sources */,
				66203C3312D1ECFA007DF1BE /* GDataHTTPFetcher.m in Sources */,
				66203C3412D1ECFA007DF1BE /* GDataHTTPFetcherLogging.m in Sources */,
				66203C3512D1ECFA007DF1BE /* GDataHTTPUploadFetcher.m in Sources */,
				66203C3612D1ECFA007DF1BE /* GDataMIMEDocument.m in Sources */,
				66203C3712D1ECFA007DF1BE /* GDataProgressMonitorInputStream.m in Sources */,
				66203C3812D1ECFA007DF1BE /* GDataServerError.m in Sources */,
				66203C3912D1ECFA007DF1BE /* GDataXMLNode.m in Sources */,
			);
			runOnlyForDeploymentPostprocessing = 0;
		};
/* End PBXSourcesBuildPhase section */

/* Begin PBXTargetDependency section */
		66E2A29211E26267007B8EC7 /* PBXTargetDependency */ = {
			isa = PBXTargetDependency;
			name = "CorePlot-CocoaTouch";
			targetProxy = 66E2A29111E26267007B8EC7 /* PBXContainerItemProxy */;
		};
/* End PBXTargetDependency section */

/* Begin XCBuildConfiguration section */
		1D6058940D05DD3E006BFB54 /* Debug */ = {
			isa = XCBuildConfiguration;
			buildSettings = {
				"CODE_SIGN_IDENTITY[sdk=iphoneos*]" = "iPhone Developer";
				GCC_PRECOMPILE_PREFIX_HEADER = YES;
				GCC_PREFIX_HEADER = Health_Hacker_Prefix.pch;
				INFOPLIST_FILE = "Health_Hacker-Info.plist";
				OTHER_CFLAGS = (
					"-DGDATA_REQUIRE_SERVICE_INCLUDES=1",
					"-DGDATA_INCLUDE_HEALTH_SERVICE=1",
				);
				PRODUCT_NAME = "Health Hacker";
				"PROVISIONING_PROFILE[sdk=iphoneos*]" = "";
			};
			name = Debug;
		};
		1D6058950D05DD3E006BFB54 /* Release */ = {
			isa = XCBuildConfiguration;
			buildSettings = {
				"CODE_SIGN_IDENTITY[sdk=iphoneos*]" = "iPhone Developer";
				GCC_PRECOMPILE_PREFIX_HEADER = YES;
				GCC_PREFIX_HEADER = Health_Hacker_Prefix.pch;
				INFOPLIST_FILE = "Health_Hacker-Info.plist";
				OTHER_CFLAGS = (
					"-DGDATA_REQUIRE_SERVICE_INCLUDES=1",
					"-DGDATA_INCLUDE_HEALTH_SERVICE=1",
				);
				PRODUCT_NAME = "Health Hacker";
				"PROVISIONING_PROFILE[sdk=iphoneos*]" = "";
			};
			name = Release;
		};
		C01FCF4F08A954540054247B /* Debug */ = {
			isa = XCBuildConfiguration;
			buildSettings = {
				ARCHS = "$(ARCHS_STANDARD_32_BIT)";
				"CODE_SIGN_IDENTITY[sdk=iphoneos*]" = "iPhone Developer: Morgan Schweers (WPBM8NGXYE)";
				FRAMEWORK_SEARCH_PATHS = "";
				GCC_C_LANGUAGE_STANDARD = c99;
				GCC_WARN_ABOUT_RETURN_TYPE = YES;
				GCC_WARN_UNUSED_VARIABLE = YES;
				HEADER_SEARCH_PATHS = (
					"../CorePlot/Source/framework/**",
					"/usr/include/libxml2/**",
				);
				OTHER_LDFLAGS = (
					"-ObjC",
					"-lxml2",
					"-all_load",
				);
				PREBINDING = NO;
				"PROVISIONING_PROFILE[sdk=iphoneos*]" = "2BC7EA5B-1E05-4F63-9DF3-A542A0907CF9";
				SDKROOT = iphoneos;
			};
			name = Debug;
		};
		C01FCF5008A954540054247B /* Release */ = {
			isa = XCBuildConfiguration;
			buildSettings = {
				ARCHS = "$(ARCHS_STANDARD_32_BIT)";
				"CODE_SIGN_IDENTITY[sdk=iphoneos*]" = "iPhone Developer: Morgan Schweers (WPBM8NGXYE)";
				FRAMEWORK_SEARCH_PATHS = "";
				GCC_C_LANGUAGE_STANDARD = c99;
				GCC_WARN_ABOUT_RETURN_TYPE = YES;
				GCC_WARN_UNUSED_VARIABLE = YES;
				HEADER_SEARCH_PATHS = (
					"../CorePlot/Source/framework/**",
					"/usr/include/libxml2/**",
				);
				OTHER_LDFLAGS = (
					"-ObjC",
					"-lxml2",
					"-all_load",
				);
				PREBINDING = NO;
				"PROVISIONING_PROFILE[sdk=iphoneos*]" = "2BC7EA5B-1E05-4F63-9DF3-A542A0907CF9";
				SDKROOT = iphoneos;
			};
			name = Release;
		};
/* End XCBuildConfiguration section */

/* Begin XCConfigurationList section */
		1D6058960D05DD3E006BFB54 /* Build configuration list for PBXNativeTarget "Health Hacker" */ = {
			isa = XCConfigurationList;
			buildConfigurations = (
				1D6058940D05DD3E006BFB54 /* Debug */,
				1D6058950D05DD3E006BFB54 /* Release */,
			);
			defaultConfigurationIsVisible = 0;
			defaultConfigurationName = Release;
		};
		C01FCF4E08A954540054247B /* Build configuration list for PBXProject "Health Hacker" */ = {
			isa = XCConfigurationList;
			buildConfigurations = (
				C01FCF4F08A954540054247B /* Debug */,
				C01FCF5008A954540054247B /* Release */,
			);
			defaultConfigurationIsVisible = 0;
			defaultConfigurationName = Release;
		};
/* End XCConfigurationList section */

/* Begin XCVersionGroup section */
		28D3F201112F7DC200FD0661 /* Health_Hacker.xcdatamodeld */ = {
			isa = XCVersionGroup;
			children = (
				28860B760F44E54D00985440 /* Health_Hacker.xcdatamodel */,
			);
			currentVersion = 28860B760F44E54D00985440 /* Health_Hacker.xcdatamodel */;
			path = Health_Hacker.xcdatamodeld;
			sourceTree = "<group>";
			versionGroupType = wrapper.xcdatamodel;
		};
/* End XCVersionGroup section */
	};
	rootObject = 29B97313FDCFA39411CA2CEA /* Project object */;
}
